{
  "object": {
    "pins": [
      {
        "package": "ASN1Parser",
        "repositoryURL": "https://github.com/stackotter/ASN1Parser",
        "state": {
          "branch": "main",
          "revision": "f92a5b26f5c92d38ae858a5a77048e9af82331a3",
          "version": null
        }
      },
      {
        "package": "async-http-client",
        "repositoryURL": "https://github.com/swift-server/async-http-client.git",
        "state": {
          "branch": null,
          "revision": "037b70291941fe43de668066eb6fb802c5e181d2",
          "version": "1.1.1"
        }
      },
      {
        "package": "BigInt",
        "repositoryURL": "https://github.com/attaswift/BigInt.git",
        "state": {
          "branch": null,
          "revision": "0ed110f7555c34ff468e72e1686e59721f2b0da6",
          "version": "5.3.0"
        }
      },
      {
        "package": "Socket",
        "repositoryURL": "https://github.com/stackotter/BlueSocket.git",
        "state": {
          "branch": "master",
          "revision": "31e92ab743a9ffc2a4a6e7e2f1043f5fe1d97e80",
          "version": null
        }
      },
      {
        "package": "CircuitBreaker",
        "repositoryURL": "https://github.com/Kitura/CircuitBreaker.git",
        "state": {
          "branch": null,
          "revision": "bd4255762e48cc3748a448d197f1297a4ba705f7",
          "version": "5.1.0"
        }
      },
      {
        "package": "CryptoSwift",
        "repositoryURL": "https://github.com/krzyzanowskim/CryptoSwift",
        "state": {
          "branch": null,
          "revision": "19b3c3ceed117c5cc883517c4e658548315ba70b",
          "version": "1.6.0"
        }
      },
      {
        "package": "DNS",
        "repositoryURL": "https://github.com/Bouke/DNS.git",
        "state": {
          "branch": null,
          "revision": "78bbd1589890a90b202d11d5f9e1297050cf0eb2",
          "version": "1.2.0"
        }
      },
      {
        "package": "FirebladeECS",
        "repositoryURL": "https://github.com/stackotter/ecs.git",
        "state": {
          "branch": "master",
          "revision": "c7660bcd24e31ef2fc3457f56a2bf4a58c3ad6ee",
          "version": null
        }
      },
      {
        "package": "FirebladeMath",
        "repositoryURL": "https://github.com/stackotter/fireblade-math.git",
        "state": {
          "branch": "matrix2x2",
          "revision": "750239647673b07457bea80b39438a6db52198f1",
          "version": null
        }
      },
      {
        "package": "JJLISO8601DateFormatter",
        "repositoryURL": "https://github.com/michaeleisel/JJLISO8601DateFormatter",
        "state": {
          "branch": null,
          "revision": "de422afd9a47b72703c30a81423c478337191390",
          "version": "0.1.6"
        }
      },
      {
        "package": "LoggerAPI",
        "repositoryURL": "https://github.com/Kitura/LoggerAPI.git",
        "state": {
          "branch": null,
          "revision": "e82d34eab3f0b05391082b11ea07d3b70d2f65bb",
          "version": "1.9.200"
        }
      },
      {
        "package": "OpenCombine",
        "repositoryURL": "https://github.com/OpenCombine/OpenCombine.git",
        "state": {
          "branch": null,
          "revision": "9cf67e363738dbab61b47fb5eaed78d3db31e5ee",
          "version": "0.13.0"
        }
      },
      {
        "package": "Puppy",
        "repositoryURL": "https://github.com/sushichop/Puppy",
        "state": {
          "branch": null,
          "revision": "9f3cf02dc92bc233e40ba8a66af20abb97978929",
          "version": "0.6.0"
        }
      },
      {
        "package": "Rainbow",
        "repositoryURL": "https://github.com/onevcat/Rainbow",
        "state": {
          "branch": null,
          "revision": "e0dada9cd44e3fa7ec3b867e49a8ddbf543e3df3",
          "version": "4.0.1"
        }
      },
      {
        "package": "swift-argument-parser",
        "repositoryURL": "https://github.com/apple/swift-argument-parser",
        "state": {
          "branch": null,
          "revision": "4ad606ba5d7673ea60679a61ff867cc1ff8c8e86",
          "version": "1.2.1"
        }
      },
      {
        "package": "swift-atomics",
        "repositoryURL": "https://github.com/apple/swift-atomics.git",
        "state": {
          "branch": null,
          "revision": "ff3d2212b6b093db7f177d0855adbc4ef9c5f036",
          "version": "1.0.3"
        }
      },
      {
        "package": "swift-collections",
        "repositoryURL": "https://github.com/apple/swift-collections.git",
        "state": {
          "branch": null,
          "revision": "9d8719c8bebdc79740b6969c912ac706eb721d7a",
          "version": "0.0.7"
        }
      },
      {
        "package": "swift-cross-ui",
        "repositoryURL": "https://github.com/stackotter/swift-cross-ui",
        "state": {
          "branch": "main",
          "revision": "fd84efff90b16a513d6c688b8ae2231593bfd2ac",
          "version": null
        }
      },
      {
        "package": "SwiftImage",
        "repositoryURL": "https://github.com/stackotter/swift-image.git",
        "state": {
          "branch": "master",
          "revision": "7160e2d8799f8b182498ab699aa695cb66cf4ea6",
          "version": null
        }
      },
      {
        "package": "swift-log",
        "repositoryURL": "https://github.com/apple/swift-log",
        "state": {
          "branch": null,
          "revision": "6fe203dc33195667ce1759bf0182975e4653ba1c",
          "version": "1.4.4"
        }
      },
      {
        "package": "swift-nio",
        "repositoryURL": "https://github.com/apple/swift-nio.git",
        "state": {
          "branch": null,
          "revision": "b4e0a274f7f34210e97e2f2c50ab02a10b549250",
          "version": "2.41.1"
        }
      },
      {
        "package": "swift-nio-extras",
        "repositoryURL": "https://github.com/apple/swift-nio-extras.git",
        "state": {
          "branch": null,
          "revision": "6c84d247754ad77487a6f0694273b89b83efd056",
          "version": "1.14.0"
        }
      },
      {
        "package": "swift-nio-ssl",
        "repositoryURL": "https://github.com/apple/swift-nio-ssl.git",
        "state": {
          "branch": null,
          "revision": "ba7c0d7f82affc518147ea61d240330bf7f7ea9b",
          "version": "2.22.1"
        }
      },
      {
        "package": "swift-package-zlib",
        "repositoryURL": "https://github.com/fourplusone/swift-package-zlib",
        "state": {
          "branch": null,
          "revision": "03ecd41814d8929362f7439529f9682536a8de13",
          "version": "1.2.11"
        }
      },
      {
        "package": "swift-parsing",
        "repositoryURL": "https://github.com/pointfreeco/swift-parsing",
        "state": {
          "branch": null,
          "revision": "1d3aa2f359388b67c16000556830645382cd5c4f",
          "version": "0.8.0"
        }
      },
      {
        "package": "swift-png",
        "repositoryURL": "https://github.com/kelvin13/swift-png",
        "state": {
          "branch": null,
          "revision": "075dfb248ae327822635370e9d4f94a5d3fe93b2",
          "version": "4.0.2"
        }
      },
      {
        "package": "Resolver",
        "repositoryURL": "https://github.com/seznam/swift-resolver",
        "state": {
          "branch": null,
          "revision": "cfb7d326bc4c89a48439303d758b375a8faae784",
          "version": "0.3.0"
        }
      },
      {
        "package": "UniSocket",
        "repositoryURL": "https://github.com/seznam/swift-unisocket",
        "state": {
          "branch": null,
          "revision": "1785e432fb8497265a38712cdb9584c429ca3f96",
          "version": "0.14.0"
        }
      },
      {
        "package": "SwiftCPUDetect",
        "repositoryURL": "https://github.com/JWhitmore1/SwiftCPUDetect",
        "state": {
          "branch": "main",
          "revision": "5ca694c6ad7eef1199d69463fa956c24c202465f",
          "version": null
        }
      },
      {
        "package": "SwiftGtk",
        "repositoryURL": "https://github.com/stackotter/SwiftGtk",
        "state": {
          "branch": "main",
          "revision": "f5ea8c81356e4d1a6706f9725c08d252b4e4df9b",
          "version": null
        }
      },
      {
        "package": "SwiftPackagesBase",
        "repositoryURL": "https://github.com/ITzTravelInTime/SwiftPackagesBase",
        "state": {
          "branch": null,
          "revision": "79477622b5dbacc3722d485c5060c46a90740016",
          "version": "0.0.23"
        }
      },
      {
        "package": "SwiftyRequest",
        "repositoryURL": "https://github.com/Kitura/SwiftyRequest.git",
        "state": {
          "branch": null,
          "revision": "2c543777a5088bed811503a68551a4b4eceac198",
          "version": "3.2.200"
        }
      },
      {
        "package": "SwordRPC",
        "repositoryURL": "https://github.com/stackotter/SwordRPC",
        "state": {
          "branch": null,
          "revision": "3ddf125eeb3d83cb17a6e4cda685f9c80e0d4bed",
          "version": null
        }
      },
      {
        "package": "ZIPFoundation",
        "repositoryURL": "https://github.com/weichsel/ZIPFoundation.git",
        "state": {
          "branch": null,
          "revision": "43ec568034b3731101dbf7670765d671c30f54f3",
          "version": "0.9.16"
        }
      },
      {
        "package": "ZippyJSON",
        "repositoryURL": "https://github.com/michaeleisel/ZippyJSON",
        "state": {
          "branch": null,
          "revision": "c4ab804780b64979f19268619dfa563b6be58f7d",
          "version": "1.2.10"
        }
      },
      {
        "package": "ZippyJSONCFamily",
        "repositoryURL": "https://github.com/michaeleisel/ZippyJSONCFamily",
        "state": {
          "branch": null,
          "revision": "8abdd7a5e943afe68e7b03fdaa63b21c042a3893",
          "version": "1.2.9"
        }
      }
    ]
  },
  "version": 1
}
