// !$*UTF8*$!
{
	archiveVersion = 1;
	classes = {
	};
	objectVersion = 52;
	objects = {

/* Begin PBXBuildFile section */
		78000290267A1AC5003C1685 /* DeltaClientApp.swift in Sources */ = {isa = PBXBuildFile; fileRef = 7800027D267A1AB8003C1685 /* DeltaClientApp.swift */; };
		78000291267A1AC5003C1685 /* DeltaClientApp.swift in Sources */ = {isa = PBXBuildFile; fileRef = 7800027D267A1AB8003C1685 /* DeltaClientApp.swift */; };
		78000294267A1AC5003C1685 /* Assets.xcassets in Resources */ = {isa = PBXBuildFile; fileRef = 7800027F267A1AC5003C1685 /* Assets.xcassets */; };
		78000295267A1AC5003C1685 /* Assets.xcassets in Resources */ = {isa = PBXBuildFile; fileRef = 7800027F267A1AC5003C1685 /* Assets.xcassets */; };
		78050DB926944C040024C049 /* PingIndicator.swift in Sources */ = {isa = PBXBuildFile; fileRef = 78050DB826944C040024C049 /* PingIndicator.swift */; };
		78050DBA26944C040024C049 /* PingIndicator.swift in Sources */ = {isa = PBXBuildFile; fileRef = 78050DB826944C040024C049 /* PingIndicator.swift */; };
		78050DE82695151C0024C049 /* EditServerListView.swift in Sources */ = {isa = PBXBuildFile; fileRef = 78050DE72695151C0024C049 /* EditServerListView.swift */; };
		78050DE92695151C0024C049 /* EditServerListView.swift in Sources */ = {isa = PBXBuildFile; fileRef = 78050DE72695151C0024C049 /* EditServerListView.swift */; };
		78050DED269588520024C049 /* IconButton.swift in Sources */ = {isa = PBXBuildFile; fileRef = 78050DEC269588510024C049 /* IconButton.swift */; };
		78050DEE269588520024C049 /* IconButton.swift in Sources */ = {isa = PBXBuildFile; fileRef = 78050DEC269588510024C049 /* IconButton.swift */; };
		78050DF926958F2D0024C049 /* EditableList.swift in Sources */ = {isa = PBXBuildFile; fileRef = 78050DF826958F2D0024C049 /* EditableList.swift */; };
		78050DFA26958F2D0024C049 /* EditableList.swift in Sources */ = {isa = PBXBuildFile; fileRef = 78050DF826958F2D0024C049 /* EditableList.swift */; };
		78050E0D2695BC050024C049 /* EditableListRow.swift in Sources */ = {isa = PBXBuildFile; fileRef = 78050E0C2695BC050024C049 /* EditableListRow.swift */; };
		78050E0E2695BC050024C049 /* EditableListRow.swift in Sources */ = {isa = PBXBuildFile; fileRef = 78050E0C2695BC050024C049 /* EditableListRow.swift */; };
		78233229267EC31100694E76 /* Logging in Frameworks */ = {isa = PBXBuildFile; productRef = 78233228267EC31100694E76 /* Logging */; };
		7823322D267EC3B700694E76 /* Logging.swift in Sources */ = {isa = PBXBuildFile; fileRef = 7823322C267EC3B700694E76 /* Logging.swift */; };
		7823322E267EC3B700694E76 /* Logging.swift in Sources */ = {isa = PBXBuildFile; fileRef = 7823322C267EC3B700694E76 /* Logging.swift */; };
		78233232267EC54300694E76 /* StorageManager.swift in Sources */ = {isa = PBXBuildFile; fileRef = 78233231267EC54300694E76 /* StorageManager.swift */; };
		78233233267EC54300694E76 /* StorageManager.swift in Sources */ = {isa = PBXBuildFile; fileRef = 78233231267EC54300694E76 /* StorageManager.swift */; };
		782F369D267D803E0034380E /* ServerPingerListItem.swift in Sources */ = {isa = PBXBuildFile; fileRef = 782F369C267D803D0034380E /* ServerPingerListItem.swift */; };
		782F369E267D803E0034380E /* ServerPingerListItem.swift in Sources */ = {isa = PBXBuildFile; fileRef = 782F369C267D803D0034380E /* ServerPingerListItem.swift */; };
		782F36A4267D87830034380E /* StateWrapper.swift in Sources */ = {isa = PBXBuildFile; fileRef = 782F36A3267D87830034380E /* StateWrapper.swift */; };
		782F36A5267D87830034380E /* StateWrapper.swift in Sources */ = {isa = PBXBuildFile; fileRef = 782F36A3267D87830034380E /* StateWrapper.swift */; };
		782F36B2267D8E310034380E /* AppState.swift in Sources */ = {isa = PBXBuildFile; fileRef = 782F36B1267D8E310034380E /* AppState.swift */; };
		782F36B3267D8E310034380E /* AppState.swift in Sources */ = {isa = PBXBuildFile; fileRef = 782F36B1267D8E310034380E /* AppState.swift */; };
		7839921326911DCD005E93FD /* MetalView.swift in Sources */ = {isa = PBXBuildFile; fileRef = 7839921226911DCD005E93FD /* MetalView.swift */; };
		7839921426911DCD005E93FD /* MetalView.swift in Sources */ = {isa = PBXBuildFile; fileRef = 7839921226911DCD005E93FD /* MetalView.swift */; };
		7839E378267EBE9200D9C591 /* DeltaLogger in Frameworks */ = {isa = PBXBuildFile; productRef = 7839E377267EBE9200D9C591 /* DeltaLogger */; };
		78427845268F275A00FF16C2 /* ConfigManager.swift in Sources */ = {isa = PBXBuildFile; fileRef = 78427844268F275A00FF16C2 /* ConfigManager.swift */; };
		78427846268F275A00FF16C2 /* ConfigManager.swift in Sources */ = {isa = PBXBuildFile; fileRef = 78427844268F275A00FF16C2 /* ConfigManager.swift */; };
		7842784A268F288300FF16C2 /* Config.swift in Sources */ = {isa = PBXBuildFile; fileRef = 78427849268F288300FF16C2 /* Config.swift */; };
		7842784B268F288300FF16C2 /* Config.swift in Sources */ = {isa = PBXBuildFile; fileRef = 78427849268F288300FF16C2 /* Config.swift */; };
		7842784F268F364B00FF16C2 /* CacheManager.swift in Sources */ = {isa = PBXBuildFile; fileRef = 7842784E268F364B00FF16C2 /* CacheManager.swift */; };
		78427850268F364B00FF16C2 /* CacheManager.swift in Sources */ = {isa = PBXBuildFile; fileRef = 7842784E268F364B00FF16C2 /* CacheManager.swift */; };
		78427854268FB42500FF16C2 /* CacheError.swift in Sources */ = {isa = PBXBuildFile; fileRef = 78427853268FB42500FF16C2 /* CacheError.swift */; };
		78427855268FB42500FF16C2 /* CacheError.swift in Sources */ = {isa = PBXBuildFile; fileRef = 78427853268FB42500FF16C2 /* CacheError.swift */; };
		78427859268FB67C00FF16C2 /* AssetManager.swift in Sources */ = {isa = PBXBuildFile; fileRef = 78427858268FB67C00FF16C2 /* AssetManager.swift */; };
		7842785A268FB67C00FF16C2 /* AssetManager.swift in Sources */ = {isa = PBXBuildFile; fileRef = 78427858268FB67C00FF16C2 /* AssetManager.swift */; };
		7842785E268FB91F00FF16C2 /* VersionsManifest.swift in Sources */ = {isa = PBXBuildFile; fileRef = 7842785D268FB91F00FF16C2 /* VersionsManifest.swift */; };
		7842785F268FB91F00FF16C2 /* VersionsManifest.swift in Sources */ = {isa = PBXBuildFile; fileRef = 7842785D268FB91F00FF16C2 /* VersionsManifest.swift */; };
		78427863268FBA2200FF16C2 /* AssetError.swift in Sources */ = {isa = PBXBuildFile; fileRef = 78427862268FBA2200FF16C2 /* AssetError.swift */; };
		78427864268FBA2200FF16C2 /* AssetError.swift in Sources */ = {isa = PBXBuildFile; fileRef = 78427862268FBA2200FF16C2 /* AssetError.swift */; };
		7842786F268FBCEF00FF16C2 /* VersionManifest.swift in Sources */ = {isa = PBXBuildFile; fileRef = 7842786E268FBCEF00FF16C2 /* VersionManifest.swift */; };
		78427870268FBCEF00FF16C2 /* VersionManifest.swift in Sources */ = {isa = PBXBuildFile; fileRef = 7842786E268FBCEF00FF16C2 /* VersionManifest.swift */; };
		788195C12691E2960099575B /* LoadingState.swift in Sources */ = {isa = PBXBuildFile; fileRef = 788195C02691E2960099575B /* LoadingState.swift */; };
		788195C22691E2960099575B /* LoadingState.swift in Sources */ = {isa = PBXBuildFile; fileRef = 788195C02691E2960099575B /* LoadingState.swift */; };
		788538892695C8BB00932F71 /* EditorView.swift in Sources */ = {isa = PBXBuildFile; fileRef = 788538882695C8BB00932F71 /* EditorView.swift */; };
		7885388A2695C8BB00932F71 /* EditorView.swift in Sources */ = {isa = PBXBuildFile; fileRef = 788538882695C8BB00932F71 /* EditorView.swift */; };
		78ABBBC926964A0F00475BFE /* OptionalNumberField.swift in Sources */ = {isa = PBXBuildFile; fileRef = 78ABBBC826964A0F00475BFE /* OptionalNumberField.swift */; };
		78ABBBCA26964A0F00475BFE /* OptionalNumberField.swift in Sources */ = {isa = PBXBuildFile; fileRef = 78ABBBC826964A0F00475BFE /* OptionalNumberField.swift */; };
		78ABBBCE2696540C00475BFE /* IPField.swift in Sources */ = {isa = PBXBuildFile; fileRef = 78ABBBCD2696540C00475BFE /* IPField.swift */; };
		78ABBBCF2696540C00475BFE /* IPField.swift in Sources */ = {isa = PBXBuildFile; fileRef = 78ABBBCD2696540C00475BFE /* IPField.swift */; };
		78B6B1A52687D9470041B1E1 /* ErrorView.swift in Sources */ = {isa = PBXBuildFile; fileRef = 78B6B1A42687D9470041B1E1 /* ErrorView.swift */; };
		78B6B1A62687D9470041B1E1 /* ErrorView.swift in Sources */ = {isa = PBXBuildFile; fileRef = 78B6B1A42687D9470041B1E1 /* ErrorView.swift */; };
		78B6B1B12687DCE20041B1E1 /* WarningView.swift in Sources */ = {isa = PBXBuildFile; fileRef = 78B6B1B02687DCE20041B1E1 /* WarningView.swift */; };
		78B6B1B22687DCE20041B1E1 /* WarningView.swift in Sources */ = {isa = PBXBuildFile; fileRef = 78B6B1B02687DCE20041B1E1 /* WarningView.swift */; };
		78B6B1BF2687DF370041B1E1 /* ModalState.swift in Sources */ = {isa = PBXBuildFile; fileRef = 78B6B1BE2687DF370041B1E1 /* ModalState.swift */; };
		78B6B1C02687DF370041B1E1 /* ModalState.swift in Sources */ = {isa = PBXBuildFile; fileRef = 78B6B1BE2687DF370041B1E1 /* ModalState.swift */; };
		78B6B1C42687E3440041B1E1 /* StorageError.swift in Sources */ = {isa = PBXBuildFile; fileRef = 78B6B1C32687E3440041B1E1 /* StorageError.swift */; };
		78B6B1C52687E3440041B1E1 /* StorageError.swift in Sources */ = {isa = PBXBuildFile; fileRef = 78B6B1C32687E3440041B1E1 /* StorageError.swift */; };
		78C1C01C2696644500604D15 /* ServerEditorView.swift in Sources */ = {isa = PBXBuildFile; fileRef = 78C1C01B2696644500604D15 /* ServerEditorView.swift */; };
		78C1C01D2696644500604D15 /* ServerEditorView.swift in Sources */ = {isa = PBXBuildFile; fileRef = 78C1C01B2696644500604D15 /* ServerEditorView.swift */; };
		78D73B9B267D4D9A00B460E8 /* DeltaCore in Frameworks */ = {isa = PBXBuildFile; productRef = 78D73B9A267D4D9A00B460E8 /* DeltaCore */; };
		78D73B9D267D4D9A00B460E8 /* DeltaCoreC in Frameworks */ = {isa = PBXBuildFile; productRef = 78D73B9C267D4D9A00B460E8 /* DeltaCoreC */; };
		78D73BA2267D4DCE00B460E8 /* DeltaCore in Frameworks */ = {isa = PBXBuildFile; productRef = 78D73BA1267D4DCE00B460E8 /* DeltaCore */; };
		78D73BA4267D4DD200B460E8 /* DeltaCoreC in Frameworks */ = {isa = PBXBuildFile; productRef = 78D73BA3267D4DD200B460E8 /* DeltaCoreC */; };
		78D73BB1267D505C00B460E8 /* ServerListView.swift in Sources */ = {isa = PBXBuildFile; fileRef = 78D73BB0267D505C00B460E8 /* ServerListView.swift */; };
		78D73BB2267D505C00B460E8 /* ServerListView.swift in Sources */ = {isa = PBXBuildFile; fileRef = 78D73BB0267D505C00B460E8 /* ServerListView.swift */; };
		78D73BB8267D6AAC00B460E8 /* ServerPingerDetailView.swift in Sources */ = {isa = PBXBuildFile; fileRef = 78D73BB7267D6AAC00B460E8 /* ServerPingerDetailView.swift */; };
		78D73BB9267D6AAC00B460E8 /* ServerPingerDetailView.swift in Sources */ = {isa = PBXBuildFile; fileRef = 78D73BB7267D6AAC00B460E8 /* ServerPingerDetailView.swift */; };
		78E18832267D966E0069E701 /* PlayServerView.swift in Sources */ = {isa = PBXBuildFile; fileRef = 78E18831267D966E0069E701 /* PlayServerView.swift */; };
		78E18833267D966E0069E701 /* PlayServerView.swift in Sources */ = {isa = PBXBuildFile; fileRef = 78E18831267D966E0069E701 /* PlayServerView.swift */; };
		78E18845267DB6050069E701 /* RouterView.swift in Sources */ = {isa = PBXBuildFile; fileRef = 78E18844267DB6050069E701 /* RouterView.swift */; };
		78E18846267DB6050069E701 /* RouterView.swift in Sources */ = {isa = PBXBuildFile; fileRef = 78E18844267DB6050069E701 /* RouterView.swift */; };
		78E1885D267DBD6A0069E701 /* FatalErrorView.swift in Sources */ = {isa = PBXBuildFile; fileRef = 78E1885C267DBD6A0069E701 /* FatalErrorView.swift */; };
		78E1885E267DBD6A0069E701 /* FatalErrorView.swift in Sources */ = {isa = PBXBuildFile; fileRef = 78E1885C267DBD6A0069E701 /* FatalErrorView.swift */; };
/* End PBXBuildFile section */

/* Begin PBXFileReference section */
		7800027D267A1AB8003C1685 /* DeltaClientApp.swift */ = {isa = PBXFileReference; lastKnownFileType = sourcecode.swift; path = DeltaClientApp.swift; sourceTree = "<group>"; };
		7800027F267A1AC5003C1685 /* Assets.xcassets */ = {isa = PBXFileReference; lastKnownFileType = folder.assetcatalog; path = Assets.xcassets; sourceTree = "<group>"; };
		78000284267A1AC5003C1685 /* DeltaClient.app */ = {isa = PBXFileReference; explicitFileType = wrapper.application; includeInIndex = 0; path = DeltaClient.app; sourceTree = BUILT_PRODUCTS_DIR; };
		78000287267A1AC5003C1685 /* Info.plist */ = {isa = PBXFileReference; lastKnownFileType = text.plist.xml; path = Info.plist; sourceTree = "<group>"; };
		7800028C267A1AC5003C1685 /* DeltaClient.app */ = {isa = PBXFileReference; explicitFileType = wrapper.application; includeInIndex = 0; path = DeltaClient.app; sourceTree = BUILT_PRODUCTS_DIR; };
		7800028E267A1AC5003C1685 /* Info.plist */ = {isa = PBXFileReference; lastKnownFileType = text.plist.xml; path = Info.plist; sourceTree = "<group>"; };
		7800028F267A1AC5003C1685 /* macOS.entitlements */ = {isa = PBXFileReference; lastKnownFileType = text.plist.entitlements; path = macOS.entitlements; sourceTree = "<group>"; };
		78050DAE269428E10024C049 /* delta-core */ = {isa = PBXFileReference; lastKnownFileType = folder; name = "delta-core"; path = "../delta-core"; sourceTree = "<group>"; };
		78050DB826944C040024C049 /* PingIndicator.swift */ = {isa = PBXFileReference; lastKnownFileType = sourcecode.swift; path = PingIndicator.swift; sourceTree = "<group>"; };
		78050DE72695151C0024C049 /* EditServerListView.swift */ = {isa = PBXFileReference; lastKnownFileType = sourcecode.swift; path = EditServerListView.swift; sourceTree = "<group>"; };
		78050DEC269588510024C049 /* IconButton.swift */ = {isa = PBXFileReference; lastKnownFileType = sourcecode.swift; path = IconButton.swift; sourceTree = "<group>"; };
		78050DF826958F2D0024C049 /* EditableList.swift */ = {isa = PBXFileReference; lastKnownFileType = sourcecode.swift; path = EditableList.swift; sourceTree = "<group>"; };
		78050E0C2695BC050024C049 /* EditableListRow.swift */ = {isa = PBXFileReference; lastKnownFileType = sourcecode.swift; path = EditableListRow.swift; sourceTree = "<group>"; };
		7823322C267EC3B700694E76 /* Logging.swift */ = {isa = PBXFileReference; lastKnownFileType = sourcecode.swift; path = Logging.swift; sourceTree = "<group>"; };
		78233231267EC54300694E76 /* StorageManager.swift */ = {isa = PBXFileReference; lastKnownFileType = sourcecode.swift; path = StorageManager.swift; sourceTree = "<group>"; };
		782F369C267D803D0034380E /* ServerPingerListItem.swift */ = {isa = PBXFileReference; lastKnownFileType = sourcecode.swift; path = ServerPingerListItem.swift; sourceTree = "<group>"; };
		782F36A3267D87830034380E /* StateWrapper.swift */ = {isa = PBXFileReference; lastKnownFileType = sourcecode.swift; path = StateWrapper.swift; sourceTree = "<group>"; };
		782F36B1267D8E310034380E /* AppState.swift */ = {isa = PBXFileReference; lastKnownFileType = sourcecode.swift; path = AppState.swift; sourceTree = "<group>"; };
		7839921226911DCD005E93FD /* MetalView.swift */ = {isa = PBXFileReference; lastKnownFileType = sourcecode.swift; path = MetalView.swift; sourceTree = "<group>"; };
		78427844268F275A00FF16C2 /* ConfigManager.swift */ = {isa = PBXFileReference; lastKnownFileType = sourcecode.swift; path = ConfigManager.swift; sourceTree = "<group>"; };
		78427849268F288300FF16C2 /* Config.swift */ = {isa = PBXFileReference; lastKnownFileType = sourcecode.swift; path = Config.swift; sourceTree = "<group>"; };
		7842784E268F364B00FF16C2 /* CacheManager.swift */ = {isa = PBXFileReference; lastKnownFileType = sourcecode.swift; path = CacheManager.swift; sourceTree = "<group>"; };
		78427853268FB42500FF16C2 /* CacheError.swift */ = {isa = PBXFileReference; lastKnownFileType = sourcecode.swift; path = CacheError.swift; sourceTree = "<group>"; };
		78427858268FB67C00FF16C2 /* AssetManager.swift */ = {isa = PBXFileReference; lastKnownFileType = sourcecode.swift; path = AssetManager.swift; sourceTree = "<group>"; };
		7842785D268FB91F00FF16C2 /* VersionsManifest.swift */ = {isa = PBXFileReference; lastKnownFileType = sourcecode.swift; path = VersionsManifest.swift; sourceTree = "<group>"; };
		78427862268FBA2200FF16C2 /* AssetError.swift */ = {isa = PBXFileReference; lastKnownFileType = sourcecode.swift; path = AssetError.swift; sourceTree = "<group>"; };
		7842786E268FBCEF00FF16C2 /* VersionManifest.swift */ = {isa = PBXFileReference; lastKnownFileType = sourcecode.swift; path = VersionManifest.swift; sourceTree = "<group>"; };
		788195C02691E2960099575B /* LoadingState.swift */ = {isa = PBXFileReference; lastKnownFileType = sourcecode.swift; path = LoadingState.swift; sourceTree = "<group>"; };
		788538882695C8BB00932F71 /* EditorView.swift */ = {isa = PBXFileReference; lastKnownFileType = sourcecode.swift; path = EditorView.swift; sourceTree = "<group>"; };
		78ABBBC826964A0F00475BFE /* OptionalNumberField.swift */ = {isa = PBXFileReference; lastKnownFileType = sourcecode.swift; path = OptionalNumberField.swift; sourceTree = "<group>"; };
		78ABBBCD2696540C00475BFE /* IPField.swift */ = {isa = PBXFileReference; lastKnownFileType = sourcecode.swift; path = IPField.swift; sourceTree = "<group>"; };
		78B6B1A42687D9470041B1E1 /* ErrorView.swift */ = {isa = PBXFileReference; lastKnownFileType = sourcecode.swift; path = ErrorView.swift; sourceTree = "<group>"; };
		78B6B1B02687DCE20041B1E1 /* WarningView.swift */ = {isa = PBXFileReference; lastKnownFileType = sourcecode.swift; path = WarningView.swift; sourceTree = "<group>"; };
		78B6B1BE2687DF370041B1E1 /* ModalState.swift */ = {isa = PBXFileReference; lastKnownFileType = sourcecode.swift; path = ModalState.swift; sourceTree = "<group>"; };
		78B6B1C32687E3440041B1E1 /* StorageError.swift */ = {isa = PBXFileReference; lastKnownFileType = sourcecode.swift; path = StorageError.swift; sourceTree = "<group>"; };
		78C1C01B2696644500604D15 /* ServerEditorView.swift */ = {isa = PBXFileReference; lastKnownFileType = sourcecode.swift; path = ServerEditorView.swift; sourceTree = "<group>"; };
		78D73BB0267D505C00B460E8 /* ServerListView.swift */ = {isa = PBXFileReference; lastKnownFileType = sourcecode.swift; path = ServerListView.swift; sourceTree = "<group>"; };
		78D73BB7267D6AAC00B460E8 /* ServerPingerDetailView.swift */ = {isa = PBXFileReference; lastKnownFileType = sourcecode.swift; path = ServerPingerDetailView.swift; sourceTree = "<group>"; };
		78E18831267D966E0069E701 /* PlayServerView.swift */ = {isa = PBXFileReference; lastKnownFileType = sourcecode.swift; path = PlayServerView.swift; sourceTree = "<group>"; };
		78E18844267DB6050069E701 /* RouterView.swift */ = {isa = PBXFileReference; lastKnownFileType = sourcecode.swift; path = RouterView.swift; sourceTree = "<group>"; };
		78E1885C267DBD6A0069E701 /* FatalErrorView.swift */ = {isa = PBXFileReference; lastKnownFileType = sourcecode.swift; path = FatalErrorView.swift; sourceTree = "<group>"; };
/* End PBXFileReference section */

/* Begin PBXFrameworksBuildPhase section */
		78000281267A1AC5003C1685 /* Frameworks */ = {
			isa = PBXFrameworksBuildPhase;
			buildActionMask = 2147483647;
			files = (
				78D73BA4267D4DD200B460E8 /* DeltaCoreC in Frameworks */,
				78D73BA2267D4DCE00B460E8 /* DeltaCore in Frameworks */,
			);
			runOnlyForDeploymentPostprocessing = 0;
		};
		78000289267A1AC5003C1685 /* Frameworks */ = {
			isa = PBXFrameworksBuildPhase;
			buildActionMask = 2147483647;
			files = (
				78D73B9D267D4D9A00B460E8 /* DeltaCoreC in Frameworks */,
				7839E378267EBE9200D9C591 /* DeltaLogger in Frameworks */,
				78233229267EC31100694E76 /* Logging in Frameworks */,
				78D73B9B267D4D9A00B460E8 /* DeltaCore in Frameworks */,
			);
			runOnlyForDeploymentPostprocessing = 0;
		};
/* End PBXFrameworksBuildPhase section */

/* Begin PBXGroup section */
		78000277267A1AB7003C1685 = {
			isa = PBXGroup;
			children = (
				7800027C267A1AB8003C1685 /* Shared */,
				78000286267A1AC5003C1685 /* iOS */,
				78050DAE269428E10024C049 /* delta-core */,
				7800028D267A1AC5003C1685 /* macOS */,
				78000285267A1AC5003C1685 /* Products */,
				78D73BA0267D4DCE00B460E8 /* Frameworks */,
			);
			sourceTree = "<group>";
		};
		7800027C267A1AB8003C1685 /* Shared */ = {
			isa = PBXGroup;
			children = (
				78E18865267DC7C30069E701 /* State */,
				78D73BAF267D500800B460E8 /* Views */,
				78E18869267DC8330069E701 /* Storage */,
				7800027D267A1AB8003C1685 /* DeltaClientApp.swift */,
				7823322C267EC3B700694E76 /* Logging.swift */,
				7800027F267A1AC5003C1685 /* Assets.xcassets */,
			);
			path = Shared;
			sourceTree = "<group>";
		};
		78000285267A1AC5003C1685 /* Products */ = {
			isa = PBXGroup;
			children = (
				78000284267A1AC5003C1685 /* DeltaClient.app */,
				7800028C267A1AC5003C1685 /* DeltaClient.app */,
			);
			name = Products;
			sourceTree = "<group>";
		};
		78000286267A1AC5003C1685 /* iOS */ = {
			isa = PBXGroup;
			children = (
				78000287267A1AC5003C1685 /* Info.plist */,
			);
			path = iOS;
			sourceTree = "<group>";
		};
		7800028D267A1AC5003C1685 /* macOS */ = {
			isa = PBXGroup;
			children = (
				7800028E267A1AC5003C1685 /* Info.plist */,
				7800028F267A1AC5003C1685 /* macOS.entitlements */,
			);
			path = macOS;
			sourceTree = "<group>";
		};
		78050DE6269514ED0024C049 /* Config */ = {
			isa = PBXGroup;
			children = (
				78C1C0222696647800604D15 /* Server */,
				78C1C0212696646A00604D15 /* EditableList */,
				78C1C0202696645A00604D15 /* Field */,
			);
			path = Config;
			sourceTree = "<group>";
		};
		7842789E268FD35C00FF16C2 /* JSON */ = {
			isa = PBXGroup;
			children = (
				78427849268F288300FF16C2 /* Config.swift */,
				7842785D268FB91F00FF16C2 /* VersionsManifest.swift */,
				7842786E268FBCEF00FF16C2 /* VersionManifest.swift */,
			);
			path = JSON;
			sourceTree = "<group>";
		};
		7842789F268FD37C00FF16C2 /* Error */ = {
			isa = PBXGroup;
			children = (
				78B6B1C32687E3440041B1E1 /* StorageError.swift */,
				78427862268FBA2200FF16C2 /* AssetError.swift */,
				78427853268FB42500FF16C2 /* CacheError.swift */,
			);
			path = Error;
			sourceTree = "<group>";
		};
		78C1C0202696645A00604D15 /* Field */ = {
			isa = PBXGroup;
			children = (
				78ABBBC826964A0F00475BFE /* OptionalNumberField.swift */,
				78ABBBCD2696540C00475BFE /* IPField.swift */,
			);
			path = Field;
			sourceTree = "<group>";
		};
		78C1C0212696646A00604D15 /* EditableList */ = {
			isa = PBXGroup;
			children = (
				78050DF826958F2D0024C049 /* EditableList.swift */,
				78050E0C2695BC050024C049 /* EditableListRow.swift */,
				788538882695C8BB00932F71 /* EditorView.swift */,
			);
			path = EditableList;
			sourceTree = "<group>";
		};
		78C1C0222696647800604D15 /* Server */ = {
			isa = PBXGroup;
			children = (
				78050DE72695151C0024C049 /* EditServerListView.swift */,
				78C1C01B2696644500604D15 /* ServerEditorView.swift */,
			);
			path = Server;
			sourceTree = "<group>";
		};
		78D73BA0267D4DCE00B460E8 /* Frameworks */ = {
			isa = PBXGroup;
			children = (
			);
			name = Frameworks;
			sourceTree = "<group>";
		};
		78D73BAF267D500800B460E8 /* Views */ = {
			isa = PBXGroup;
			children = (
				78E18864267DC7620069E701 /* ServerList */,
				78F77E10268F22C90092F002 /* Alert */,
				78F77E11268F22E20092F002 /* Play */,
				78050DE6269514ED0024C049 /* Config */,
				78E18844267DB6050069E701 /* RouterView.swift */,
				78050DEC269588510024C049 /* IconButton.swift */,
			);
			path = Views;
			sourceTree = "<group>";
		};
		78E18864267DC7620069E701 /* ServerList */ = {
			isa = PBXGroup;
			children = (
				78D73BB0267D505C00B460E8 /* ServerListView.swift */,
				782F369C267D803D0034380E /* ServerPingerListItem.swift */,
				78D73BB7267D6AAC00B460E8 /* ServerPingerDetailView.swift */,
				78050DB826944C040024C049 /* PingIndicator.swift */,
			);
			path = ServerList;
			sourceTree = "<group>";
		};
		78E18865267DC7C30069E701 /* State */ = {
			isa = PBXGroup;
			children = (
				782F36A3267D87830034380E /* StateWrapper.swift */,
				782F36B1267D8E310034380E /* AppState.swift */,
				78B6B1BE2687DF370041B1E1 /* ModalState.swift */,
				788195C02691E2960099575B /* LoadingState.swift */,
			);
			path = State;
			sourceTree = "<group>";
		};
		78E18869267DC8330069E701 /* Storage */ = {
			isa = PBXGroup;
			children = (
				7842789F268FD37C00FF16C2 /* Error */,
				7842789E268FD35C00FF16C2 /* JSON */,
				78233231267EC54300694E76 /* StorageManager.swift */,
				78427844268F275A00FF16C2 /* ConfigManager.swift */,
				7842784E268F364B00FF16C2 /* CacheManager.swift */,
				78427858268FB67C00FF16C2 /* AssetManager.swift */,
			);
			path = Storage;
			sourceTree = "<group>";
		};
		78F77E10268F22C90092F002 /* Alert */ = {
			isa = PBXGroup;
			children = (
				78B6B1A42687D9470041B1E1 /* ErrorView.swift */,
				78B6B1B02687DCE20041B1E1 /* WarningView.swift */,
				78E1885C267DBD6A0069E701 /* FatalErrorView.swift */,
			);
			path = Alert;
			sourceTree = "<group>";
		};
		78F77E11268F22E20092F002 /* Play */ = {
			isa = PBXGroup;
			children = (
				78E18831267D966E0069E701 /* PlayServerView.swift */,
				7839921226911DCD005E93FD /* MetalView.swift */,
			);
			path = Play;
			sourceTree = "<group>";
		};
/* End PBXGroup section */

/* Begin PBXNativeTarget section */
		78000283267A1AC5003C1685 /* DeltaClient (iOS) */ = {
			isa = PBXNativeTarget;
			buildConfigurationList = 78000298267A1AC5003C1685 /* Build configuration list for PBXNativeTarget "DeltaClient (iOS)" */;
			buildPhases = (
				78000280267A1AC5003C1685 /* Sources */,
				78000281267A1AC5003C1685 /* Frameworks */,
				78000282267A1AC5003C1685 /* Resources */,
			);
			buildRules = (
			);
			dependencies = (
			);
			name = "DeltaClient (iOS)";
			packageProductDependencies = (
				78D73BA1267D4DCE00B460E8 /* DeltaCore */,
				78D73BA3267D4DD200B460E8 /* DeltaCoreC */,
			);
			productName = "DeltaClient (iOS)";
			productReference = 78000284267A1AC5003C1685 /* DeltaClient.app */;
			productType = "com.apple.product-type.application";
		};
		7800028B267A1AC5003C1685 /* DeltaClient (macOS) */ = {
			isa = PBXNativeTarget;
			buildConfigurationList = 7800029B267A1AC5003C1685 /* Build configuration list for PBXNativeTarget "DeltaClient (macOS)" */;
			buildPhases = (
				78000288267A1AC5003C1685 /* Sources */,
				78000289267A1AC5003C1685 /* Frameworks */,
				7800028A267A1AC5003C1685 /* Resources */,
			);
			buildRules = (
			);
			dependencies = (
			);
			name = "DeltaClient (macOS)";
			packageProductDependencies = (
				78D73B9A267D4D9A00B460E8 /* DeltaCore */,
				78D73B9C267D4D9A00B460E8 /* DeltaCoreC */,
				7839E377267EBE9200D9C591 /* DeltaLogger */,
				78233228267EC31100694E76 /* Logging */,
			);
			productName = "DeltaClient (macOS)";
			productReference = 7800028C267A1AC5003C1685 /* DeltaClient.app */;
			productType = "com.apple.product-type.application";
		};
/* End PBXNativeTarget section */

/* Begin PBXProject section */
		78000278267A1AB7003C1685 /* Project object */ = {
			isa = PBXProject;
			attributes = {
				LastSwiftUpdateCheck = 1240;
				LastUpgradeCheck = 1240;
				TargetAttributes = {
					78000283267A1AC5003C1685 = {
						CreatedOnToolsVersion = 12.4;
					};
					7800028B267A1AC5003C1685 = {
						CreatedOnToolsVersion = 12.4;
					};
				};
			};
			buildConfigurationList = 7800027B267A1AB7003C1685 /* Build configuration list for PBXProject "DeltaClient" */;
			compatibilityVersion = "Xcode 9.3";
			developmentRegion = en;
			hasScannedForEncodings = 0;
			knownRegions = (
				en,
				Base,
			);
			mainGroup = 78000277267A1AB7003C1685;
			packageReferences = (
				78D73B99267D4D9A00B460E8 /* XCRemoteSwiftPackageReference "delta-core" */,
				7839E376267EBE9200D9C591 /* XCRemoteSwiftPackageReference "delta-logger" */,
				78233227267EC31100694E76 /* XCRemoteSwiftPackageReference "swift-log" */,
			);
			productRefGroup = 78000285267A1AC5003C1685 /* Products */;
			projectDirPath = "";
			projectRoot = "";
			targets = (
				78000283267A1AC5003C1685 /* DeltaClient (iOS) */,
				7800028B267A1AC5003C1685 /* DeltaClient (macOS) */,
			);
		};
/* End PBXProject section */

/* Begin PBXResourcesBuildPhase section */
		78000282267A1AC5003C1685 /* Resources */ = {
			isa = PBXResourcesBuildPhase;
			buildActionMask = 2147483647;
			files = (
				78000294267A1AC5003C1685 /* Assets.xcassets in Resources */,
			);
			runOnlyForDeploymentPostprocessing = 0;
		};
		7800028A267A1AC5003C1685 /* Resources */ = {
			isa = PBXResourcesBuildPhase;
			buildActionMask = 2147483647;
			files = (
				78000295267A1AC5003C1685 /* Assets.xcassets in Resources */,
			);
			runOnlyForDeploymentPostprocessing = 0;
		};
/* End PBXResourcesBuildPhase section */

/* Begin PBXSourcesBuildPhase section */
		78000280267A1AC5003C1685 /* Sources */ = {
			isa = PBXSourcesBuildPhase;
			buildActionMask = 2147483647;
			files = (
				782F369D267D803E0034380E /* ServerPingerListItem.swift in Sources */,
				7842786F268FBCEF00FF16C2 /* VersionManifest.swift in Sources */,
				78050DF926958F2D0024C049 /* EditableList.swift in Sources */,
				78E18832267D966E0069E701 /* PlayServerView.swift in Sources */,
				78050DE82695151C0024C049 /* EditServerListView.swift in Sources */,
				78E1885D267DBD6A0069E701 /* FatalErrorView.swift in Sources */,
				78B6B1BF2687DF370041B1E1 /* ModalState.swift in Sources */,
				788538892695C8BB00932F71 /* EditorView.swift in Sources */,
				782F36A4267D87830034380E /* StateWrapper.swift in Sources */,
				78000290267A1AC5003C1685 /* DeltaClientApp.swift in Sources */,
				788195C12691E2960099575B /* LoadingState.swift in Sources */,
				782F36B2267D8E310034380E /* AppState.swift in Sources */,
				7823322D267EC3B700694E76 /* Logging.swift in Sources */,
				78D73BB8267D6AAC00B460E8 /* ServerPingerDetailView.swift in Sources */,
				78D73BB1267D505C00B460E8 /* ServerListView.swift in Sources */,
				7842784A268F288300FF16C2 /* Config.swift in Sources */,
				78B6B1B12687DCE20041B1E1 /* WarningView.swift in Sources */,
				78ABBBCE2696540C00475BFE /* IPField.swift in Sources */,
				78427859268FB67C00FF16C2 /* AssetManager.swift in Sources */,
				78050DED269588520024C049 /* IconButton.swift in Sources */,
				78427854268FB42500FF16C2 /* CacheError.swift in Sources */,
				7842784F268F364B00FF16C2 /* CacheManager.swift in Sources */,
				78427845268F275A00FF16C2 /* ConfigManager.swift in Sources */,
				7842785E268FB91F00FF16C2 /* VersionsManifest.swift in Sources */,
				78B6B1C42687E3440041B1E1 /* StorageError.swift in Sources */,
				78B6B1A52687D9470041B1E1 /* ErrorView.swift in Sources */,
				78ABBBC926964A0F00475BFE /* OptionalNumberField.swift in Sources */,
				78050E0D2695BC050024C049 /* EditableListRow.swift in Sources */,
				78C1C01C2696644500604D15 /* ServerEditorView.swift in Sources */,
				78E18845267DB6050069E701 /* RouterView.swift in Sources */,
				78427863268FBA2200FF16C2 /* AssetError.swift in Sources */,
				7839921326911DCD005E93FD /* MetalView.swift in Sources */,
				78233232267EC54300694E76 /* StorageManager.swift in Sources */,
				78050DB926944C040024C049 /* PingIndicator.swift in Sources */,
			);
			runOnlyForDeploymentPostprocessing = 0;
		};
		78000288267A1AC5003C1685 /* Sources */ = {
			isa = PBXSourcesBuildPhase;
			buildActionMask = 2147483647;
			files = (
				782F369E267D803E0034380E /* ServerPingerListItem.swift in Sources */,
				78427870268FBCEF00FF16C2 /* VersionManifest.swift in Sources */,
				78050DFA26958F2D0024C049 /* EditableList.swift in Sources */,
				78E18833267D966E0069E701 /* PlayServerView.swift in Sources */,
				78050DE92695151C0024C049 /* EditServerListView.swift in Sources */,
				78E1885E267DBD6A0069E701 /* FatalErrorView.swift in Sources */,
				78B6B1C02687DF370041B1E1 /* ModalState.swift in Sources */,
				7885388A2695C8BB00932F71 /* EditorView.swift in Sources */,
				782F36A5267D87830034380E /* StateWrapper.swift in Sources */,
				78000291267A1AC5003C1685 /* DeltaClientApp.swift in Sources */,
				788195C22691E2960099575B /* LoadingState.swift in Sources */,
				782F36B3267D8E310034380E /* AppState.swift in Sources */,
				7823322E267EC3B700694E76 /* Logging.swift in Sources */,
				78D73BB9267D6AAC00B460E8 /* ServerPingerDetailView.swift in Sources */,
				78D73BB2267D505C00B460E8 /* ServerListView.swift in Sources */,
				7842784B268F288300FF16C2 /* Config.swift in Sources */,
				78B6B1B22687DCE20041B1E1 /* WarningView.swift in Sources */,
				78ABBBCF2696540C00475BFE /* IPField.swift in Sources */,
				7842785A268FB67C00FF16C2 /* AssetManager.swift in Sources */,
				78050DEE269588520024C049 /* IconButton.swift in Sources */,
				78427855268FB42500FF16C2 /* CacheError.swift in Sources */,
				78427850268F364B00FF16C2 /* CacheManager.swift in Sources */,
				78427846268F275A00FF16C2 /* ConfigManager.swift in Sources */,
				7842785F268FB91F00FF16C2 /* VersionsManifest.swift in Sources */,
				78B6B1C52687E3440041B1E1 /* StorageError.swift in Sources */,
				78B6B1A62687D9470041B1E1 /* ErrorView.swift in Sources */,
				78ABBBCA26964A0F00475BFE /* OptionalNumberField.swift in Sources */,
				78050E0E2695BC050024C049 /* EditableListRow.swift in Sources */,
				78C1C01D2696644500604D15 /* ServerEditorView.swift in Sources */,
				78E18846267DB6050069E701 /* RouterView.swift in Sources */,
				78427864268FBA2200FF16C2 /* AssetError.swift in Sources */,
				7839921426911DCD005E93FD /* MetalView.swift in Sources */,
				78233233267EC54300694E76 /* StorageManager.swift in Sources */,
				78050DBA26944C040024C049 /* PingIndicator.swift in Sources */,
			);
			runOnlyForDeploymentPostprocessing = 0;
		};
/* End PBXSourcesBuildPhase section */

/* Begin XCBuildConfiguration section */
		78000296267A1AC5003C1685 /* Debug */ = {
			isa = XCBuildConfiguration;
			buildSettings = {
				ALWAYS_SEARCH_USER_PATHS = NO;
				CLANG_ANALYZER_NONNULL = YES;
				CLANG_ANALYZER_NUMBER_OBJECT_CONVERSION = YES_AGGRESSIVE;
				CLANG_CXX_LANGUAGE_STANDARD = "gnu++14";
				CLANG_CXX_LIBRARY = "libc++";
				CLANG_ENABLE_MODULES = YES;
				CLANG_ENABLE_OBJC_ARC = YES;
				CLANG_ENABLE_OBJC_WEAK = YES;
				CLANG_WARN_BLOCK_CAPTURE_AUTORELEASING = YES;
				CLANG_WARN_BOOL_CONVERSION = YES;
				CLANG_WARN_COMMA = YES;
				CLANG_WARN_CONSTANT_CONVERSION = YES;
				CLANG_WARN_DEPRECATED_OBJC_IMPLEMENTATIONS = YES;
				CLANG_WARN_DIRECT_OBJC_ISA_USAGE = YES_ERROR;
				CLANG_WARN_DOCUMENTATION_COMMENTS = YES;
				CLANG_WARN_EMPTY_BODY = YES;
				CLANG_WARN_ENUM_CONVERSION = YES;
				CLANG_WARN_INFINITE_RECURSION = YES;
				CLANG_WARN_INT_CONVERSION = YES;
				CLANG_WARN_NON_LITERAL_NULL_CONVERSION = YES;
				CLANG_WARN_OBJC_IMPLICIT_RETAIN_SELF = YES;
				CLANG_WARN_OBJC_LITERAL_CONVERSION = YES;
				CLANG_WARN_OBJC_ROOT_CLASS = YES_ERROR;
				CLANG_WARN_QUOTED_INCLUDE_IN_FRAMEWORK_HEADER = YES;
				CLANG_WARN_RANGE_LOOP_ANALYSIS = YES;
				CLANG_WARN_STRICT_PROTOTYPES = YES;
				CLANG_WARN_SUSPICIOUS_MOVE = YES;
				CLANG_WARN_UNGUARDED_AVAILABILITY = YES_AGGRESSIVE;
				CLANG_WARN_UNREACHABLE_CODE = YES;
				CLANG_WARN__DUPLICATE_METHOD_MATCH = YES;
				COPY_PHASE_STRIP = NO;
				DEBUG_INFORMATION_FORMAT = dwarf;
				ENABLE_STRICT_OBJC_MSGSEND = YES;
				ENABLE_TESTABILITY = YES;
				GCC_C_LANGUAGE_STANDARD = gnu11;
				GCC_DYNAMIC_NO_PIC = NO;
				GCC_NO_COMMON_BLOCKS = YES;
				GCC_OPTIMIZATION_LEVEL = 0;
				GCC_PREPROCESSOR_DEFINITIONS = (
					"DEBUG=1",
					"$(inherited)",
				);
				GCC_WARN_64_TO_32_BIT_CONVERSION = YES;
				GCC_WARN_ABOUT_RETURN_TYPE = YES_ERROR;
				GCC_WARN_UNDECLARED_SELECTOR = YES;
				GCC_WARN_UNINITIALIZED_AUTOS = YES_AGGRESSIVE;
				GCC_WARN_UNUSED_FUNCTION = YES;
				GCC_WARN_UNUSED_VARIABLE = YES;
				IPHONEOS_DEPLOYMENT_TARGET = 13.0;
				MACOSX_DEPLOYMENT_TARGET = 11.0;
				MTL_ENABLE_DEBUG_INFO = INCLUDE_SOURCE;
				MTL_FAST_MATH = YES;
				ONLY_ACTIVE_ARCH = YES;
				SWIFT_ACTIVE_COMPILATION_CONDITIONS = DEBUG;
				SWIFT_OPTIMIZATION_LEVEL = "-Onone";
				SWIFT_VERSION = "";
			};
			name = Debug;
		};
		78000297267A1AC5003C1685 /* Release */ = {
			isa = XCBuildConfiguration;
			buildSettings = {
				ALWAYS_SEARCH_USER_PATHS = NO;
				CLANG_ANALYZER_NONNULL = YES;
				CLANG_ANALYZER_NUMBER_OBJECT_CONVERSION = YES_AGGRESSIVE;
				CLANG_CXX_LANGUAGE_STANDARD = "gnu++14";
				CLANG_CXX_LIBRARY = "libc++";
				CLANG_ENABLE_MODULES = YES;
				CLANG_ENABLE_OBJC_ARC = YES;
				CLANG_ENABLE_OBJC_WEAK = YES;
				CLANG_WARN_BLOCK_CAPTURE_AUTORELEASING = YES;
				CLANG_WARN_BOOL_CONVERSION = YES;
				CLANG_WARN_COMMA = YES;
				CLANG_WARN_CONSTANT_CONVERSION = YES;
				CLANG_WARN_DEPRECATED_OBJC_IMPLEMENTATIONS = YES;
				CLANG_WARN_DIRECT_OBJC_ISA_USAGE = YES_ERROR;
				CLANG_WARN_DOCUMENTATION_COMMENTS = YES;
				CLANG_WARN_EMPTY_BODY = YES;
				CLANG_WARN_ENUM_CONVERSION = YES;
				CLANG_WARN_INFINITE_RECURSION = YES;
				CLANG_WARN_INT_CONVERSION = YES;
				CLANG_WARN_NON_LITERAL_NULL_CONVERSION = YES;
				CLANG_WARN_OBJC_IMPLICIT_RETAIN_SELF = YES;
				CLANG_WARN_OBJC_LITERAL_CONVERSION = YES;
				CLANG_WARN_OBJC_ROOT_CLASS = YES_ERROR;
				CLANG_WARN_QUOTED_INCLUDE_IN_FRAMEWORK_HEADER = YES;
				CLANG_WARN_RANGE_LOOP_ANALYSIS = YES;
				CLANG_WARN_STRICT_PROTOTYPES = YES;
				CLANG_WARN_SUSPICIOUS_MOVE = YES;
				CLANG_WARN_UNGUARDED_AVAILABILITY = YES_AGGRESSIVE;
				CLANG_WARN_UNREACHABLE_CODE = YES;
				CLANG_WARN__DUPLICATE_METHOD_MATCH = YES;
				COPY_PHASE_STRIP = NO;
				DEBUG_INFORMATION_FORMAT = "dwarf-with-dsym";
				ENABLE_NS_ASSERTIONS = NO;
				ENABLE_STRICT_OBJC_MSGSEND = YES;
				GCC_C_LANGUAGE_STANDARD = gnu11;
				GCC_NO_COMMON_BLOCKS = YES;
				GCC_WARN_64_TO_32_BIT_CONVERSION = YES;
				GCC_WARN_ABOUT_RETURN_TYPE = YES_ERROR;
				GCC_WARN_UNDECLARED_SELECTOR = YES;
				GCC_WARN_UNINITIALIZED_AUTOS = YES_AGGRESSIVE;
				GCC_WARN_UNUSED_FUNCTION = YES;
				GCC_WARN_UNUSED_VARIABLE = YES;
				IPHONEOS_DEPLOYMENT_TARGET = 13.0;
				MACOSX_DEPLOYMENT_TARGET = 11.0;
				MTL_ENABLE_DEBUG_INFO = NO;
				MTL_FAST_MATH = YES;
				SWIFT_COMPILATION_MODE = wholemodule;
				SWIFT_OPTIMIZATION_LEVEL = "-O";
				SWIFT_VERSION = "";
			};
			name = Release;
		};
		78000299267A1AC5003C1685 /* Debug */ = {
			isa = XCBuildConfiguration;
			buildSettings = {
				ASSETCATALOG_COMPILER_APPICON_NAME = AppIcon;
				ASSETCATALOG_COMPILER_GLOBAL_ACCENT_COLOR_NAME = AccentColor;
				CODE_SIGN_STYLE = Automatic;
				DEVELOPMENT_TEAM = 2W73HS7DLT;
				ENABLE_PREVIEWS = YES;
				INFOPLIST_FILE = iOS/Info.plist;
				IPHONEOS_DEPLOYMENT_TARGET = 14.0;
				LD_RUNPATH_SEARCH_PATHS = (
					"$(inherited)",
					"@executable_path/Frameworks",
				);
				PRODUCT_BUNDLE_IDENTIFIER = dev.stackotter.DeltaClient;
				PRODUCT_NAME = DeltaClient;
				SDKROOT = iphoneos;
				SWIFT_VERSION = 5.0;
				TARGETED_DEVICE_FAMILY = "1,2";
			};
			name = Debug;
		};
		7800029A267A1AC5003C1685 /* Release */ = {
			isa = XCBuildConfiguration;
			buildSettings = {
				ASSETCATALOG_COMPILER_APPICON_NAME = AppIcon;
				ASSETCATALOG_COMPILER_GLOBAL_ACCENT_COLOR_NAME = AccentColor;
				CODE_SIGN_STYLE = Automatic;
				DEVELOPMENT_TEAM = 2W73HS7DLT;
				ENABLE_PREVIEWS = YES;
				INFOPLIST_FILE = iOS/Info.plist;
				IPHONEOS_DEPLOYMENT_TARGET = 14.0;
				LD_RUNPATH_SEARCH_PATHS = (
					"$(inherited)",
					"@executable_path/Frameworks",
				);
				PRODUCT_BUNDLE_IDENTIFIER = dev.stackotter.DeltaClient;
				PRODUCT_NAME = DeltaClient;
				SDKROOT = iphoneos;
				SWIFT_VERSION = 5.0;
				TARGETED_DEVICE_FAMILY = "1,2";
				VALIDATE_PRODUCT = YES;
			};
			name = Release;
		};
		7800029C267A1AC5003C1685 /* Debug */ = {
			isa = XCBuildConfiguration;
			buildSettings = {
				ASSETCATALOG_COMPILER_APPICON_NAME = AppIcon;
				ASSETCATALOG_COMPILER_GLOBAL_ACCENT_COLOR_NAME = AccentColor;
				CODE_SIGN_ENTITLEMENTS = macOS/macOS.entitlements;
				CODE_SIGN_STYLE = Automatic;
				COMBINE_HIDPI_IMAGES = YES;
				DEVELOPMENT_TEAM = 2W73HS7DLT;
				ENABLE_HARDENED_RUNTIME = YES;
				ENABLE_PREVIEWS = YES;
				INFOPLIST_FILE = macOS/Info.plist;
				LD_RUNPATH_SEARCH_PATHS = (
					"$(inherited)",
					"@executable_path/../Frameworks",
				);
				MACOSX_DEPLOYMENT_TARGET = 11.0;
				PRODUCT_BUNDLE_IDENTIFIER = "dev.stackotter.delta-client";
				PRODUCT_NAME = DeltaClient;
				SDKROOT = macosx;
				SWIFT_VERSION = 5.0;
			};
			name = Debug;
		};
		7800029D267A1AC5003C1685 /* Release */ = {
			isa = XCBuildConfiguration;
			buildSettings = {
				ASSETCATALOG_COMPILER_APPICON_NAME = AppIcon;
				ASSETCATALOG_COMPILER_GLOBAL_ACCENT_COLOR_NAME = AccentColor;
				CODE_SIGN_ENTITLEMENTS = macOS/macOS.entitlements;
				CODE_SIGN_STYLE = Automatic;
				COMBINE_HIDPI_IMAGES = YES;
				DEVELOPMENT_TEAM = 2W73HS7DLT;
				ENABLE_HARDENED_RUNTIME = YES;
				ENABLE_PREVIEWS = YES;
				INFOPLIST_FILE = macOS/Info.plist;
				LD_RUNPATH_SEARCH_PATHS = (
					"$(inherited)",
					"@executable_path/../Frameworks",
				);
				MACOSX_DEPLOYMENT_TARGET = 11.0;
				PRODUCT_BUNDLE_IDENTIFIER = "dev.stackotter.delta-client";
				PRODUCT_NAME = DeltaClient;
				SDKROOT = macosx;
				SWIFT_VERSION = 5.0;
			};
			name = Release;
		};
/* End XCBuildConfiguration section */

/* Begin XCConfigurationList section */
		7800027B267A1AB7003C1685 /* Build configuration list for PBXProject "DeltaClient" */ = {
			isa = XCConfigurationList;
			buildConfigurations = (
				78000296267A1AC5003C1685 /* Debug */,
				78000297267A1AC5003C1685 /* Release */,
			);
			defaultConfigurationIsVisible = 0;
			defaultConfigurationName = Release;
		};
		78000298267A1AC5003C1685 /* Build configuration list for PBXNativeTarget "DeltaClient (iOS)" */ = {
			isa = XCConfigurationList;
			buildConfigurations = (
				78000299267A1AC5003C1685 /* Debug */,
				7800029A267A1AC5003C1685 /* Release */,
			);
			defaultConfigurationIsVisible = 0;
			defaultConfigurationName = Release;
		};
		7800029B267A1AC5003C1685 /* Build configuration list for PBXNativeTarget "DeltaClient (macOS)" */ = {
			isa = XCConfigurationList;
			buildConfigurations = (
				7800029C267A1AC5003C1685 /* Debug */,
				7800029D267A1AC5003C1685 /* Release */,
			);
			defaultConfigurationIsVisible = 0;
			defaultConfigurationName = Release;
		};
/* End XCConfigurationList section */

/* Begin XCRemoteSwiftPackageReference section */
		78233227267EC31100694E76 /* XCRemoteSwiftPackageReference "swift-log" */ = {
			isa = XCRemoteSwiftPackageReference;
			repositoryURL = "https://github.com/apple/swift-log";
			requirement = {
				branch = main;
				kind = branch;
			};
		};
		7839E376267EBE9200D9C591 /* XCRemoteSwiftPackageReference "delta-logger" */ = {
			isa = XCRemoteSwiftPackageReference;
			repositoryURL = "https://github.com/stackotter/delta-logger";
			requirement = {
				branch = main;
				kind = branch;
			};
		};
		78D73B99267D4D9A00B460E8 /* XCRemoteSwiftPackageReference "delta-core" */ = {
			isa = XCRemoteSwiftPackageReference;
			repositoryURL = "https://github.com/stackotter/delta-core";
			requirement = {
				branch = main;
				kind = branch;
			};
		};
/* End XCRemoteSwiftPackageReference section */

/* Begin XCSwiftPackageProductDependency section */
		78233228267EC31100694E76 /* Logging */ = {
			isa = XCSwiftPackageProductDependency;
			package = 78233227267EC31100694E76 /* XCRemoteSwiftPackageReference "swift-log" */;
			productName = Logging;
		};
		7839E377267EBE9200D9C591 /* DeltaLogger */ = {
			isa = XCSwiftPackageProductDependency;
			package = 7839E376267EBE9200D9C591 /* XCRemoteSwiftPackageReference "delta-logger" */;
			productName = DeltaLogger;
		};
		78D73B9A267D4D9A00B460E8 /* DeltaCore */ = {
			isa = XCSwiftPackageProductDependency;
			package = 78D73B99267D4D9A00B460E8 /* XCRemoteSwiftPackageReference "delta-core" */;
			productName = DeltaCore;
		};
		78D73B9C267D4D9A00B460E8 /* DeltaCoreC */ = {
			isa = XCSwiftPackageProductDependency;
			package = 78D73B99267D4D9A00B460E8 /* XCRemoteSwiftPackageReference "delta-core" */;
			productName = DeltaCoreC;
		};
		78D73BA1267D4DCE00B460E8 /* DeltaCore */ = {
			isa = XCSwiftPackageProductDependency;
			package = 78D73B99267D4D9A00B460E8 /* XCRemoteSwiftPackageReference "delta-core" */;
			productName = DeltaCore;
		};
		78D73BA3267D4DD200B460E8 /* DeltaCoreC */ = {
			isa = XCSwiftPackageProductDependency;
			package = 78D73B99267D4D9A00B460E8 /* XCRemoteSwiftPackageReference "delta-core" */;
			productName = DeltaCoreC;
		};
/* End XCSwiftPackageProductDependency section */
	};
	rootObject = 78000278267A1AB7003C1685 /* Project object */;
}
