// !$*UTF8*$!
{
	archiveVersion = 1;
	classes = {
	};
	objectVersion = 54;
	objects = {

/* Begin PBXBuildFile section */
		780D9BA92596CF5900144D45 /* LauncherProfile.swift in Sources */ = {isa = PBXBuildFile; fileRef = 780D9BA82596CF5900144D45 /* LauncherProfile.swift */; };
		781E63BB25B14CBE00ADFAB8 /* ChunkData.swift in Sources */ = {isa = PBXBuildFile; fileRef = 781E63BA25B14CBE00ADFAB8 /* ChunkData.swift */; };
		781E63C025B165F900ADFAB8 /* Player.swift in Sources */ = {isa = PBXBuildFile; fileRef = 781E63BF25B165F900ADFAB8 /* Player.swift */; };
		781E63CB25B166D000ADFAB8 /* EntityPosition.swift in Sources */ = {isa = PBXBuildFile; fileRef = 781E63CA25B166D000ADFAB8 /* EntityPosition.swift */; };
		78225CE3258EC0CE007B7F98 /* EventManager.swift in Sources */ = {isa = PBXBuildFile; fileRef = 78225CE2258EC0CE007B7F98 /* EventManager.swift */; };
		7830D8C925940BE500D35180 /* Logger.swift in Sources */ = {isa = PBXBuildFile; fileRef = 7830D8C825940BE500D35180 /* Logger.swift */; };
		7830D8CE2596B91B00D35180 /* ViewState.swift in Sources */ = {isa = PBXBuildFile; fileRef = 7830D8CD2596B91B00D35180 /* ViewState.swift */; };
		7830D8D32596C13A00D35180 /* ErrorView.swift in Sources */ = {isa = PBXBuildFile; fileRef = 7830D8D22596C13A00D35180 /* ErrorView.swift */; };
		784194BB258204CD0070DE78 /* MinecraftApp.swift in Sources */ = {isa = PBXBuildFile; fileRef = 784194BA258204CD0070DE78 /* MinecraftApp.swift */; };
		784194BF258204D00070DE78 /* Assets.xcassets in Resources */ = {isa = PBXBuildFile; fileRef = 784194BE258204D00070DE78 /* Assets.xcassets */; };
		784194C2258204D00070DE78 /* Preview Assets.xcassets in Resources */ = {isa = PBXBuildFile; fileRef = 784194C1258204D00070DE78 /* Preview Assets.xcassets */; };
		784194CE258204D10070DE78 /* MinecraftTests.swift in Sources */ = {isa = PBXBuildFile; fileRef = 784194CD258204D10070DE78 /* MinecraftTests.swift */; };
		784194D9258204D10070DE78 /* MinecraftUITests.swift in Sources */ = {isa = PBXBuildFile; fileRef = 784194D8258204D10070DE78 /* MinecraftUITests.swift */; };
		784B392E25A14F7500556E3E /* LoginDisconnect.swift in Sources */ = {isa = PBXBuildFile; fileRef = 784B392D25A14F7500556E3E /* LoginDisconnect.swift */; };
		784B393325A14F8400556E3E /* LoginSuccess.swift in Sources */ = {isa = PBXBuildFile; fileRef = 784B393225A14F8400556E3E /* LoginSuccess.swift */; };
		784B393D25A17AB600556E3E /* Identifier.swift in Sources */ = {isa = PBXBuildFile; fileRef = 784B393C25A17AB600556E3E /* Identifier.swift */; };
		784B394325A185B200556E3E /* JoinGamePacket.swift in Sources */ = {isa = PBXBuildFile; fileRef = 784B394225A185B200556E3E /* JoinGamePacket.swift */; };
		784B394B25A19CCC00556E3E /* Gamemode.swift in Sources */ = {isa = PBXBuildFile; fileRef = 784B394A25A19CCC00556E3E /* Gamemode.swift */; };
		784B395025A19D8300556E3E /* SetDifficultyPacket.swift in Sources */ = {isa = PBXBuildFile; fileRef = 784B394F25A19D8300556E3E /* SetDifficultyPacket.swift */; };
		784B395525A19E3900556E3E /* Difficulty.swift in Sources */ = {isa = PBXBuildFile; fileRef = 784B395425A19E3900556E3E /* Difficulty.swift */; };
		784B395A25A1B84000556E3E /* PlayerAbilitiesPacket.swift in Sources */ = {isa = PBXBuildFile; fileRef = 784B395925A1B84000556E3E /* PlayerAbilitiesPacket.swift */; };
		784B395F25A1BCA400556E3E /* HeldItemChangePacket.swift in Sources */ = {isa = PBXBuildFile; fileRef = 784B395E25A1BCA400556E3E /* HeldItemChangePacket.swift */; };
		784B396425A1C19800556E3E /* DeclareRecipesPacket.swift in Sources */ = {isa = PBXBuildFile; fileRef = 784B396325A1C19800556E3E /* DeclareRecipesPacket.swift */; };
		784CAE24259AB654003E5F87 /* UUID.swift in Sources */ = {isa = PBXBuildFile; fileRef = 784CAE23259AB654003E5F87 /* UUID.swift */; };
		784CAE29259ACA74003E5F87 /* Slot.swift in Sources */ = {isa = PBXBuildFile; fileRef = 784CAE28259ACA74003E5F87 /* Slot.swift */; };
		784CCA8C25AD2E40004B3182 /* CraftingShapeless.swift in Sources */ = {isa = PBXBuildFile; fileRef = 784CCA8B25AD2E40004B3182 /* CraftingShapeless.swift */; };
		784CCA9125AD2E86004B3182 /* CraftingRecipe.swift in Sources */ = {isa = PBXBuildFile; fileRef = 784CCA9025AD2E86004B3182 /* CraftingRecipe.swift */; };
		784CCA9625AD2F3D004B3182 /* CraftingShaped.swift in Sources */ = {isa = PBXBuildFile; fileRef = 784CCA9525AD2F3D004B3182 /* CraftingShaped.swift */; };
		784CCA9B25AD2F99004B3182 /* Ingredient.swift in Sources */ = {isa = PBXBuildFile; fileRef = 784CCA9A25AD2F99004B3182 /* Ingredient.swift */; };
		784CCAA025AD300B004B3182 /* ItemStack.swift in Sources */ = {isa = PBXBuildFile; fileRef = 784CCA9F25AD300A004B3182 /* ItemStack.swift */; };
		784CCAA825AD30BB004B3182 /* HeatRecipe.swift in Sources */ = {isa = PBXBuildFile; fileRef = 784CCAA725AD30BB004B3182 /* HeatRecipe.swift */; };
		784CCAB025AD312B004B3182 /* SmeltingRecipe.swift in Sources */ = {isa = PBXBuildFile; fileRef = 784CCAAF25AD312B004B3182 /* SmeltingRecipe.swift */; };
		784CCAB525AD3165004B3182 /* BlastingRecipe.swift in Sources */ = {isa = PBXBuildFile; fileRef = 784CCAB425AD3165004B3182 /* BlastingRecipe.swift */; };
		784CCABA25AD317A004B3182 /* SmokingRecipe.swift in Sources */ = {isa = PBXBuildFile; fileRef = 784CCAB925AD317A004B3182 /* SmokingRecipe.swift */; };
		784CCABF25AD31BA004B3182 /* CampfireCookingRecipe.swift in Sources */ = {isa = PBXBuildFile; fileRef = 784CCABE25AD31BA004B3182 /* CampfireCookingRecipe.swift */; };
		784CCAC425AD3239004B3182 /* StonecuttingRecipe.swift in Sources */ = {isa = PBXBuildFile; fileRef = 784CCAC325AD3239004B3182 /* StonecuttingRecipe.swift */; };
		784CCACC25AD328A004B3182 /* SmithingRecipe.swift in Sources */ = {isa = PBXBuildFile; fileRef = 784CCACB25AD328A004B3182 /* SmithingRecipe.swift */; };
		784CCAD525AD3417004B3182 /* ArmorDyeRecipe.swift in Sources */ = {isa = PBXBuildFile; fileRef = 784CCAD425AD3417004B3182 /* ArmorDyeRecipe.swift */; };
		784CCAE025AD343F004B3182 /* BookCloningRecipe.swift in Sources */ = {isa = PBXBuildFile; fileRef = 784CCADF25AD343F004B3182 /* BookCloningRecipe.swift */; };
		784CCAE525AD345B004B3182 /* MapCloningRecipe.swift in Sources */ = {isa = PBXBuildFile; fileRef = 784CCAE425AD345B004B3182 /* MapCloningRecipe.swift */; };
		784CCAEA25AD3471004B3182 /* MapExtendingRecipe.swift in Sources */ = {isa = PBXBuildFile; fileRef = 784CCAE925AD3471004B3182 /* MapExtendingRecipe.swift */; };
		784CCAEF25AD3487004B3182 /* FireworkRocketRecipe.swift in Sources */ = {isa = PBXBuildFile; fileRef = 784CCAEE25AD3487004B3182 /* FireworkRocketRecipe.swift */; };
		784CCAF425AD349E004B3182 /* FireworkStarRecipe.swift in Sources */ = {isa = PBXBuildFile; fileRef = 784CCAF325AD349E004B3182 /* FireworkStarRecipe.swift */; };
		784CCAF925AD34CC004B3182 /* FireworkStarFadeRecipe.swift in Sources */ = {isa = PBXBuildFile; fileRef = 784CCAF825AD34CC004B3182 /* FireworkStarFadeRecipe.swift */; };
		784CCAFE25AD34E1004B3182 /* RepairItemRecipe.swift in Sources */ = {isa = PBXBuildFile; fileRef = 784CCAFD25AD34E1004B3182 /* RepairItemRecipe.swift */; };
		784CCB0325AD34FF004B3182 /* TippedArrowRecipe.swift in Sources */ = {isa = PBXBuildFile; fileRef = 784CCB0225AD34FF004B3182 /* TippedArrowRecipe.swift */; };
		784CCB0825AD3515004B3182 /* BannerDuplicateRecipe.swift in Sources */ = {isa = PBXBuildFile; fileRef = 784CCB0725AD3515004B3182 /* BannerDuplicateRecipe.swift */; };
		784CCB0D25AD352E004B3182 /* BannerAddPatternRecipe.swift in Sources */ = {isa = PBXBuildFile; fileRef = 784CCB0C25AD352E004B3182 /* BannerAddPatternRecipe.swift */; };
		784CCB1225AD3545004B3182 /* ShieldDecorationRecipe.swift in Sources */ = {isa = PBXBuildFile; fileRef = 784CCB1125AD3545004B3182 /* ShieldDecorationRecipe.swift */; };
		784CCB1725AD355B004B3182 /* ShulkerBoxColouringRecipe.swift in Sources */ = {isa = PBXBuildFile; fileRef = 784CCB1625AD355B004B3182 /* ShulkerBoxColouringRecipe.swift */; };
		784CCB1D25AD35EB004B3182 /* RecipeRegistry.swift in Sources */ = {isa = PBXBuildFile; fileRef = 784CCB1C25AD35EB004B3182 /* RecipeRegistry.swift */; };
		784D97912587604700FC89F8 /* Config.swift in Sources */ = {isa = PBXBuildFile; fileRef = 784D97902587604700FC89F8 /* Config.swift */; };
		784F4B7825B7F6AC00FE21AA /* ServerPinger.swift in Sources */ = {isa = PBXBuildFile; fileRef = 784F4B7725B7F6AC00FE21AA /* ServerPinger.swift */; };
		784F4B7D25B7FC0A00FE21AA /* ServerInfo.swift in Sources */ = {isa = PBXBuildFile; fileRef = 784F4B7C25B7FC0A00FE21AA /* ServerInfo.swift */; };
		78654EB72585E0CF00770FFF /* PingInfo.swift in Sources */ = {isa = PBXBuildFile; fileRef = 78654EB62585E0CF00770FFF /* PingInfo.swift */; };
		78764DDD25AD374D00AE8716 /* SpecialRecipe.swift in Sources */ = {isa = PBXBuildFile; fileRef = 78764DDC25AD374D00AE8716 /* SpecialRecipe.swift */; };
		78764DEB25AD7F2700AE8716 /* Item.swift in Sources */ = {isa = PBXBuildFile; fileRef = 78764DEA25AD7F2700AE8716 /* Item.swift */; };
		78764DF025AD9BFF00AE8716 /* SuspiciousStewRecipe.swift in Sources */ = {isa = PBXBuildFile; fileRef = 78764DEF25AD9BFF00AE8716 /* SuspiciousStewRecipe.swift */; };
		78764DF525AD9FCA00AE8716 /* Client.swift in Sources */ = {isa = PBXBuildFile; fileRef = 78764DF425AD9FCA00AE8716 /* Client.swift */; };
		78764E0525ADCA7900AE8716 /* AppView.swift in Sources */ = {isa = PBXBuildFile; fileRef = 78764E0425ADCA7900AE8716 /* AppView.swift */; };
		78764E1025AE4B9200AE8716 /* TagsPacket.swift in Sources */ = {isa = PBXBuildFile; fileRef = 78764E0F25AE4B9200AE8716 /* TagsPacket.swift */; };
		78764E1525AE5E6900AE8716 /* ChunkDataPacket.swift in Sources */ = {isa = PBXBuildFile; fileRef = 78764E1425AE5E6900AE8716 /* ChunkDataPacket.swift */; };
		7878855F2588136700226064 /* Buffer.swift in Sources */ = {isa = PBXBuildFile; fileRef = 7878855E2588136700226064 /* Buffer.swift */; };
		7878B52F25844B6B007C0D3D /* GameView.swift in Sources */ = {isa = PBXBuildFile; fileRef = 7878B52B25844B6B007C0D3D /* GameView.swift */; };
		7878B53025844B6B007C0D3D /* ServerDetailView.swift in Sources */ = {isa = PBXBuildFile; fileRef = 7878B52C25844B6B007C0D3D /* ServerDetailView.swift */; };
		7878B53125844B6B007C0D3D /* ServerListView.swift in Sources */ = {isa = PBXBuildFile; fileRef = 7878B52D25844B6B007C0D3D /* ServerListView.swift */; };
		787D8FF1258451A8007E6441 /* ServerConnection.swift in Sources */ = {isa = PBXBuildFile; fileRef = 787D8FF0258451A8007E6441 /* ServerConnection.swift */; };
		787D8FF625848480007E6441 /* Packet.swift in Sources */ = {isa = PBXBuildFile; fileRef = 787D8FF525848480007E6441 /* Packet.swift */; };
		787D8FFF258485A7007E6441 /* Handshake.swift in Sources */ = {isa = PBXBuildFile; fileRef = 787D8FFE258485A7007E6441 /* Handshake.swift */; };
		787D900725848726007E6441 /* PacketWriter.swift in Sources */ = {isa = PBXBuildFile; fileRef = 787D900625848726007E6441 /* PacketWriter.swift */; };
		788435902585E606002F1F84 /* Server.swift in Sources */ = {isa = PBXBuildFile; fileRef = 7884358F2585E606002F1F84 /* Server.swift */; };
		7884359B25861981002F1F84 /* ServerList.swift in Sources */ = {isa = PBXBuildFile; fileRef = 7884359A25861981002F1F84 /* ServerList.swift */; };
		788435A025861B55002F1F84 /* ServerListEntryView.swift in Sources */ = {isa = PBXBuildFile; fileRef = 7884359F25861B55002F1F84 /* ServerListEntryView.swift */; };
		78965088258861FE0079C5CF /* NBTCompound.swift in Sources */ = {isa = PBXBuildFile; fileRef = 78965087258861FE0079C5CF /* NBTCompound.swift */; };
		789650922588834C0079C5CF /* LoginStart.swift in Sources */ = {isa = PBXBuildFile; fileRef = 789650912588834C0079C5CF /* LoginStart.swift */; };
		789BE9E32589DAC7001C08ED /* JSON.swift in Sources */ = {isa = PBXBuildFile; fileRef = 789BE9E22589DAC7001C08ED /* JSON.swift */; };
		78BFD2E725B521A800366631 /* WorldConfig.swift in Sources */ = {isa = PBXBuildFile; fileRef = 78BFD2E625B521A800366631 /* WorldConfig.swift */; };
		78BFD2EC25B522A700366631 /* ServerConfig.swift in Sources */ = {isa = PBXBuildFile; fileRef = 78BFD2EB25B522A700366631 /* ServerConfig.swift */; };
		78C2D5852585949800883DF5 /* StatusRequest.swift in Sources */ = {isa = PBXBuildFile; fileRef = 78C2D5842585949800883DF5 /* StatusRequest.swift */; };
		78C2D58A2585955500883DF5 /* StatusResponse.swift in Sources */ = {isa = PBXBuildFile; fileRef = 78C2D5892585955500883DF5 /* StatusResponse.swift */; };
		78C2D58F258597D400883DF5 /* PacketReader.swift in Sources */ = {isa = PBXBuildFile; fileRef = 78C2D58E258597D400883DF5 /* PacketReader.swift */; };
		78F29B1E25AE769B00D85CCB /* CompactedLongArray.swift in Sources */ = {isa = PBXBuildFile; fileRef = 78F29B1D25AE769B00D85CCB /* CompactedLongArray.swift */; };
		78F29B2425AE818700D85CCB /* Chunk.swift in Sources */ = {isa = PBXBuildFile; fileRef = 78F29B2325AE818700D85CCB /* Chunk.swift */; };
		78F29B2C25AE81E000D85CCB /* ChunkSection.swift in Sources */ = {isa = PBXBuildFile; fileRef = 78F29B2B25AE81E000D85CCB /* ChunkSection.swift */; };
		78F29B3225AE846000D85CCB /* BlockEntity.swift in Sources */ = {isa = PBXBuildFile; fileRef = 78F29B3125AE846000D85CCB /* BlockEntity.swift */; };
		78F29B3A25AE84CE00D85CCB /* BlockPosition.swift in Sources */ = {isa = PBXBuildFile; fileRef = 78F29B3925AE84CE00D85CCB /* BlockPosition.swift */; };
		78F29B3F25AE8FAA00D85CCB /* PacketHandlerThreadPool.swift in Sources */ = {isa = PBXBuildFile; fileRef = 78F29B3E25AE8FAA00D85CCB /* PacketHandlerThreadPool.swift */; };
		78F29B4725AF136A00D85CCB /* World.swift in Sources */ = {isa = PBXBuildFile; fileRef = 78F29B4625AF136A00D85CCB /* World.swift */; };
		78F29B4C25AF14EE00D85CCB /* ChunkPosition.swift in Sources */ = {isa = PBXBuildFile; fileRef = 78F29B4B25AF14EE00D85CCB /* ChunkPosition.swift */; };
		78FA059B25B515810074CF37 /* UpdateViewPositionPacket.swift in Sources */ = {isa = PBXBuildFile; fileRef = 78FA059A25B515810074CF37 /* UpdateViewPositionPacket.swift */; };
/* End PBXBuildFile section */

/* Begin PBXContainerItemProxy section */
		784194CA258204D10070DE78 /* PBXContainerItemProxy */ = {
			isa = PBXContainerItemProxy;
			containerPortal = 784194AF258204CD0070DE78 /* Project object */;
			proxyType = 1;
			remoteGlobalIDString = 784194B6258204CD0070DE78;
			remoteInfo = Minecraft;
		};
		784194D5258204D10070DE78 /* PBXContainerItemProxy */ = {
			isa = PBXContainerItemProxy;
			containerPortal = 784194AF258204CD0070DE78 /* Project object */;
			proxyType = 1;
			remoteGlobalIDString = 784194B6258204CD0070DE78;
			remoteInfo = Minecraft;
		};
/* End PBXContainerItemProxy section */

/* Begin PBXFileReference section */
		780D9BA82596CF5900144D45 /* LauncherProfile.swift */ = {isa = PBXFileReference; lastKnownFileType = sourcecode.swift; path = LauncherProfile.swift; sourceTree = "<group>"; };
		781E63BA25B14CBE00ADFAB8 /* ChunkData.swift */ = {isa = PBXFileReference; lastKnownFileType = sourcecode.swift; path = ChunkData.swift; sourceTree = "<group>"; };
		781E63BF25B165F900ADFAB8 /* Player.swift */ = {isa = PBXFileReference; lastKnownFileType = sourcecode.swift; path = Player.swift; sourceTree = "<group>"; };
		781E63CA25B166D000ADFAB8 /* EntityPosition.swift */ = {isa = PBXFileReference; lastKnownFileType = sourcecode.swift; path = EntityPosition.swift; sourceTree = "<group>"; };
		78225CE2258EC0CE007B7F98 /* EventManager.swift */ = {isa = PBXFileReference; lastKnownFileType = sourcecode.swift; path = EventManager.swift; sourceTree = "<group>"; };
		7830D8C825940BE500D35180 /* Logger.swift */ = {isa = PBXFileReference; lastKnownFileType = sourcecode.swift; path = Logger.swift; sourceTree = "<group>"; };
		7830D8CD2596B91B00D35180 /* ViewState.swift */ = {isa = PBXFileReference; lastKnownFileType = sourcecode.swift; path = ViewState.swift; sourceTree = "<group>"; };
		7830D8D22596C13A00D35180 /* ErrorView.swift */ = {isa = PBXFileReference; lastKnownFileType = sourcecode.swift; path = ErrorView.swift; sourceTree = "<group>"; };
		784194B7258204CD0070DE78 /* Minecraft.app */ = {isa = PBXFileReference; explicitFileType = wrapper.application; includeInIndex = 0; path = Minecraft.app; sourceTree = BUILT_PRODUCTS_DIR; };
		784194BA258204CD0070DE78 /* MinecraftApp.swift */ = {isa = PBXFileReference; lastKnownFileType = sourcecode.swift; path = MinecraftApp.swift; sourceTree = "<group>"; };
		784194BE258204D00070DE78 /* Assets.xcassets */ = {isa = PBXFileReference; lastKnownFileType = folder.assetcatalog; path = Assets.xcassets; sourceTree = "<group>"; };
		784194C1258204D00070DE78 /* Preview Assets.xcassets */ = {isa = PBXFileReference; lastKnownFileType = folder.assetcatalog; path = "Preview Assets.xcassets"; sourceTree = "<group>"; };
		784194C3258204D00070DE78 /* Info.plist */ = {isa = PBXFileReference; lastKnownFileType = text.plist.xml; path = Info.plist; sourceTree = "<group>"; };
		784194C4258204D00070DE78 /* Minecraft.entitlements */ = {isa = PBXFileReference; lastKnownFileType = text.plist.entitlements; path = Minecraft.entitlements; sourceTree = "<group>"; };
		784194C9258204D10070DE78 /* MinecraftTests.xctest */ = {isa = PBXFileReference; explicitFileType = wrapper.cfbundle; includeInIndex = 0; path = MinecraftTests.xctest; sourceTree = BUILT_PRODUCTS_DIR; };
		784194CD258204D10070DE78 /* MinecraftTests.swift */ = {isa = PBXFileReference; lastKnownFileType = sourcecode.swift; path = MinecraftTests.swift; sourceTree = "<group>"; };
		784194CF258204D10070DE78 /* Info.plist */ = {isa = PBXFileReference; lastKnownFileType = text.plist.xml; path = Info.plist; sourceTree = "<group>"; };
		784194D4258204D10070DE78 /* MinecraftUITests.xctest */ = {isa = PBXFileReference; explicitFileType = wrapper.cfbundle; includeInIndex = 0; path = MinecraftUITests.xctest; sourceTree = BUILT_PRODUCTS_DIR; };
		784194D8258204D10070DE78 /* MinecraftUITests.swift */ = {isa = PBXFileReference; lastKnownFileType = sourcecode.swift; path = MinecraftUITests.swift; sourceTree = "<group>"; };
		784194DA258204D10070DE78 /* Info.plist */ = {isa = PBXFileReference; lastKnownFileType = text.plist.xml; path = Info.plist; sourceTree = "<group>"; };
		784B392D25A14F7500556E3E /* LoginDisconnect.swift */ = {isa = PBXFileReference; lastKnownFileType = sourcecode.swift; path = LoginDisconnect.swift; sourceTree = "<group>"; };
		784B393225A14F8400556E3E /* LoginSuccess.swift */ = {isa = PBXFileReference; lastKnownFileType = sourcecode.swift; path = LoginSuccess.swift; sourceTree = "<group>"; };
		784B393C25A17AB600556E3E /* Identifier.swift */ = {isa = PBXFileReference; lastKnownFileType = sourcecode.swift; path = Identifier.swift; sourceTree = "<group>"; };
		784B394225A185B200556E3E /* JoinGamePacket.swift */ = {isa = PBXFileReference; lastKnownFileType = sourcecode.swift; path = JoinGamePacket.swift; sourceTree = "<group>"; };
		784B394A25A19CCC00556E3E /* Gamemode.swift */ = {isa = PBXFileReference; lastKnownFileType = sourcecode.swift; path = Gamemode.swift; sourceTree = "<group>"; };
		784B394F25A19D8300556E3E /* SetDifficultyPacket.swift */ = {isa = PBXFileReference; lastKnownFileType = sourcecode.swift; path = SetDifficultyPacket.swift; sourceTree = "<group>"; };
		784B395425A19E3900556E3E /* Difficulty.swift */ = {isa = PBXFileReference; lastKnownFileType = sourcecode.swift; path = Difficulty.swift; sourceTree = "<group>"; };
		784B395925A1B84000556E3E /* PlayerAbilitiesPacket.swift */ = {isa = PBXFileReference; lastKnownFileType = sourcecode.swift; path = PlayerAbilitiesPacket.swift; sourceTree = "<group>"; };
		784B395E25A1BCA400556E3E /* HeldItemChangePacket.swift */ = {isa = PBXFileReference; lastKnownFileType = sourcecode.swift; path = HeldItemChangePacket.swift; sourceTree = "<group>"; };
		784B396325A1C19800556E3E /* DeclareRecipesPacket.swift */ = {isa = PBXFileReference; lastKnownFileType = sourcecode.swift; path = DeclareRecipesPacket.swift; sourceTree = "<group>"; };
		784CAE23259AB654003E5F87 /* UUID.swift */ = {isa = PBXFileReference; lastKnownFileType = sourcecode.swift; path = UUID.swift; sourceTree = "<group>"; };
		784CAE28259ACA74003E5F87 /* Slot.swift */ = {isa = PBXFileReference; lastKnownFileType = sourcecode.swift; path = Slot.swift; sourceTree = "<group>"; };
		784CCA8B25AD2E40004B3182 /* CraftingShapeless.swift */ = {isa = PBXFileReference; lastKnownFileType = sourcecode.swift; path = CraftingShapeless.swift; sourceTree = "<group>"; };
		784CCA9025AD2E86004B3182 /* CraftingRecipe.swift */ = {isa = PBXFileReference; lastKnownFileType = sourcecode.swift; path = CraftingRecipe.swift; sourceTree = "<group>"; };
		784CCA9525AD2F3D004B3182 /* CraftingShaped.swift */ = {isa = PBXFileReference; lastKnownFileType = sourcecode.swift; path = CraftingShaped.swift; sourceTree = "<group>"; };
		784CCA9A25AD2F99004B3182 /* Ingredient.swift */ = {isa = PBXFileReference; lastKnownFileType = sourcecode.swift; path = Ingredient.swift; sourceTree = "<group>"; };
		784CCA9F25AD300A004B3182 /* ItemStack.swift */ = {isa = PBXFileReference; lastKnownFileType = sourcecode.swift; path = ItemStack.swift; sourceTree = "<group>"; };
		784CCAA725AD30BB004B3182 /* HeatRecipe.swift */ = {isa = PBXFileReference; lastKnownFileType = sourcecode.swift; path = HeatRecipe.swift; sourceTree = "<group>"; };
		784CCAAF25AD312B004B3182 /* SmeltingRecipe.swift */ = {isa = PBXFileReference; lastKnownFileType = sourcecode.swift; path = SmeltingRecipe.swift; sourceTree = "<group>"; };
		784CCAB425AD3165004B3182 /* BlastingRecipe.swift */ = {isa = PBXFileReference; lastKnownFileType = sourcecode.swift; path = BlastingRecipe.swift; sourceTree = "<group>"; };
		784CCAB925AD317A004B3182 /* SmokingRecipe.swift */ = {isa = PBXFileReference; lastKnownFileType = sourcecode.swift; path = SmokingRecipe.swift; sourceTree = "<group>"; };
		784CCABE25AD31BA004B3182 /* CampfireCookingRecipe.swift */ = {isa = PBXFileReference; lastKnownFileType = sourcecode.swift; path = CampfireCookingRecipe.swift; sourceTree = "<group>"; };
		784CCAC325AD3239004B3182 /* StonecuttingRecipe.swift */ = {isa = PBXFileReference; lastKnownFileType = sourcecode.swift; path = StonecuttingRecipe.swift; sourceTree = "<group>"; };
		784CCACB25AD328A004B3182 /* SmithingRecipe.swift */ = {isa = PBXFileReference; lastKnownFileType = sourcecode.swift; path = SmithingRecipe.swift; sourceTree = "<group>"; };
		784CCAD425AD3417004B3182 /* ArmorDyeRecipe.swift */ = {isa = PBXFileReference; lastKnownFileType = sourcecode.swift; path = ArmorDyeRecipe.swift; sourceTree = "<group>"; };
		784CCADF25AD343F004B3182 /* BookCloningRecipe.swift */ = {isa = PBXFileReference; lastKnownFileType = sourcecode.swift; path = BookCloningRecipe.swift; sourceTree = "<group>"; };
		784CCAE425AD345B004B3182 /* MapCloningRecipe.swift */ = {isa = PBXFileReference; lastKnownFileType = sourcecode.swift; path = MapCloningRecipe.swift; sourceTree = "<group>"; };
		784CCAE925AD3471004B3182 /* MapExtendingRecipe.swift */ = {isa = PBXFileReference; lastKnownFileType = sourcecode.swift; path = MapExtendingRecipe.swift; sourceTree = "<group>"; };
		784CCAEE25AD3487004B3182 /* FireworkRocketRecipe.swift */ = {isa = PBXFileReference; lastKnownFileType = sourcecode.swift; path = FireworkRocketRecipe.swift; sourceTree = "<group>"; };
		784CCAF325AD349E004B3182 /* FireworkStarRecipe.swift */ = {isa = PBXFileReference; lastKnownFileType = sourcecode.swift; path = FireworkStarRecipe.swift; sourceTree = "<group>"; };
		784CCAF825AD34CC004B3182 /* FireworkStarFadeRecipe.swift */ = {isa = PBXFileReference; lastKnownFileType = sourcecode.swift; path = FireworkStarFadeRecipe.swift; sourceTree = "<group>"; };
		784CCAFD25AD34E1004B3182 /* RepairItemRecipe.swift */ = {isa = PBXFileReference; lastKnownFileType = sourcecode.swift; path = RepairItemRecipe.swift; sourceTree = "<group>"; };
		784CCB0225AD34FF004B3182 /* TippedArrowRecipe.swift */ = {isa = PBXFileReference; lastKnownFileType = sourcecode.swift; path = TippedArrowRecipe.swift; sourceTree = "<group>"; };
		784CCB0725AD3515004B3182 /* BannerDuplicateRecipe.swift */ = {isa = PBXFileReference; lastKnownFileType = sourcecode.swift; path = BannerDuplicateRecipe.swift; sourceTree = "<group>"; };
		784CCB0C25AD352E004B3182 /* BannerAddPatternRecipe.swift */ = {isa = PBXFileReference; lastKnownFileType = sourcecode.swift; path = BannerAddPatternRecipe.swift; sourceTree = "<group>"; };
		784CCB1125AD3545004B3182 /* ShieldDecorationRecipe.swift */ = {isa = PBXFileReference; lastKnownFileType = sourcecode.swift; path = ShieldDecorationRecipe.swift; sourceTree = "<group>"; };
		784CCB1625AD355B004B3182 /* ShulkerBoxColouringRecipe.swift */ = {isa = PBXFileReference; lastKnownFileType = sourcecode.swift; path = ShulkerBoxColouringRecipe.swift; sourceTree = "<group>"; };
		784CCB1C25AD35EB004B3182 /* RecipeRegistry.swift */ = {isa = PBXFileReference; lastKnownFileType = sourcecode.swift; path = RecipeRegistry.swift; sourceTree = "<group>"; };
		784D97902587604700FC89F8 /* Config.swift */ = {isa = PBXFileReference; lastKnownFileType = sourcecode.swift; path = Config.swift; sourceTree = "<group>"; };
		784F4B7725B7F6AC00FE21AA /* ServerPinger.swift */ = {isa = PBXFileReference; lastKnownFileType = sourcecode.swift; path = ServerPinger.swift; sourceTree = "<group>"; };
		784F4B7C25B7FC0A00FE21AA /* ServerInfo.swift */ = {isa = PBXFileReference; lastKnownFileType = sourcecode.swift; path = ServerInfo.swift; sourceTree = "<group>"; };
		78654EB62585E0CF00770FFF /* PingInfo.swift */ = {isa = PBXFileReference; lastKnownFileType = sourcecode.swift; path = PingInfo.swift; sourceTree = "<group>"; };
		78764DDC25AD374D00AE8716 /* SpecialRecipe.swift */ = {isa = PBXFileReference; lastKnownFileType = sourcecode.swift; path = SpecialRecipe.swift; sourceTree = "<group>"; };
		78764DEA25AD7F2700AE8716 /* Item.swift */ = {isa = PBXFileReference; lastKnownFileType = sourcecode.swift; path = Item.swift; sourceTree = "<group>"; };
		78764DEF25AD9BFF00AE8716 /* SuspiciousStewRecipe.swift */ = {isa = PBXFileReference; lastKnownFileType = sourcecode.swift; path = SuspiciousStewRecipe.swift; sourceTree = "<group>"; };
		78764DF425AD9FCA00AE8716 /* Client.swift */ = {isa = PBXFileReference; lastKnownFileType = sourcecode.swift; path = Client.swift; sourceTree = "<group>"; };
		78764E0425ADCA7900AE8716 /* AppView.swift */ = {isa = PBXFileReference; lastKnownFileType = sourcecode.swift; path = AppView.swift; sourceTree = "<group>"; };
		78764E0F25AE4B9200AE8716 /* TagsPacket.swift */ = {isa = PBXFileReference; lastKnownFileType = sourcecode.swift; path = TagsPacket.swift; sourceTree = "<group>"; };
		78764E1425AE5E6900AE8716 /* ChunkDataPacket.swift */ = {isa = PBXFileReference; lastKnownFileType = sourcecode.swift; path = ChunkDataPacket.swift; sourceTree = "<group>"; };
		7878855E2588136700226064 /* Buffer.swift */ = {isa = PBXFileReference; lastKnownFileType = sourcecode.swift; path = Buffer.swift; sourceTree = "<group>"; };
		7878B52B25844B6B007C0D3D /* GameView.swift */ = {isa = PBXFileReference; fileEncoding = 4; lastKnownFileType = sourcecode.swift; path = GameView.swift; sourceTree = "<group>"; };
		7878B52C25844B6B007C0D3D /* ServerDetailView.swift */ = {isa = PBXFileReference; fileEncoding = 4; lastKnownFileType = sourcecode.swift; path = ServerDetailView.swift; sourceTree = "<group>"; };
		7878B52D25844B6B007C0D3D /* ServerListView.swift */ = {isa = PBXFileReference; fileEncoding = 4; lastKnownFileType = sourcecode.swift; path = ServerListView.swift; sourceTree = "<group>"; };
		787D8FF0258451A8007E6441 /* ServerConnection.swift */ = {isa = PBXFileReference; fileEncoding = 4; lastKnownFileType = sourcecode.swift; path = ServerConnection.swift; sourceTree = "<group>"; };
		787D8FF525848480007E6441 /* Packet.swift */ = {isa = PBXFileReference; lastKnownFileType = sourcecode.swift; path = Packet.swift; sourceTree = "<group>"; };
		787D8FFE258485A7007E6441 /* Handshake.swift */ = {isa = PBXFileReference; lastKnownFileType = sourcecode.swift; path = Handshake.swift; sourceTree = "<group>"; };
		787D900625848726007E6441 /* PacketWriter.swift */ = {isa = PBXFileReference; lastKnownFileType = sourcecode.swift; path = PacketWriter.swift; sourceTree = "<group>"; };
		7884358F2585E606002F1F84 /* Server.swift */ = {isa = PBXFileReference; lastKnownFileType = sourcecode.swift; path = Server.swift; sourceTree = "<group>"; };
		7884359A25861981002F1F84 /* ServerList.swift */ = {isa = PBXFileReference; lastKnownFileType = sourcecode.swift; path = ServerList.swift; sourceTree = "<group>"; };
		7884359F25861B55002F1F84 /* ServerListEntryView.swift */ = {isa = PBXFileReference; lastKnownFileType = sourcecode.swift; path = ServerListEntryView.swift; sourceTree = "<group>"; };
		78965087258861FE0079C5CF /* NBTCompound.swift */ = {isa = PBXFileReference; lastKnownFileType = sourcecode.swift; path = NBTCompound.swift; sourceTree = "<group>"; };
		789650912588834C0079C5CF /* LoginStart.swift */ = {isa = PBXFileReference; lastKnownFileType = sourcecode.swift; path = LoginStart.swift; sourceTree = "<group>"; };
		789BE9E22589DAC7001C08ED /* JSON.swift */ = {isa = PBXFileReference; lastKnownFileType = sourcecode.swift; path = JSON.swift; sourceTree = "<group>"; };
		78BFD2E625B521A800366631 /* WorldConfig.swift */ = {isa = PBXFileReference; lastKnownFileType = sourcecode.swift; path = WorldConfig.swift; sourceTree = "<group>"; };
		78BFD2EB25B522A700366631 /* ServerConfig.swift */ = {isa = PBXFileReference; lastKnownFileType = sourcecode.swift; path = ServerConfig.swift; sourceTree = "<group>"; };
		78C2D5842585949800883DF5 /* StatusRequest.swift */ = {isa = PBXFileReference; lastKnownFileType = sourcecode.swift; path = StatusRequest.swift; sourceTree = "<group>"; };
		78C2D5892585955500883DF5 /* StatusResponse.swift */ = {isa = PBXFileReference; lastKnownFileType = sourcecode.swift; path = StatusResponse.swift; sourceTree = "<group>"; };
		78C2D58E258597D400883DF5 /* PacketReader.swift */ = {isa = PBXFileReference; lastKnownFileType = sourcecode.swift; path = PacketReader.swift; sourceTree = "<group>"; };
		78F29B1D25AE769B00D85CCB /* CompactedLongArray.swift */ = {isa = PBXFileReference; lastKnownFileType = sourcecode.swift; path = CompactedLongArray.swift; sourceTree = "<group>"; };
		78F29B2325AE818700D85CCB /* Chunk.swift */ = {isa = PBXFileReference; lastKnownFileType = sourcecode.swift; path = Chunk.swift; sourceTree = "<group>"; };
		78F29B2B25AE81E000D85CCB /* ChunkSection.swift */ = {isa = PBXFileReference; lastKnownFileType = sourcecode.swift; path = ChunkSection.swift; sourceTree = "<group>"; };
		78F29B3125AE846000D85CCB /* BlockEntity.swift */ = {isa = PBXFileReference; lastKnownFileType = sourcecode.swift; path = BlockEntity.swift; sourceTree = "<group>"; };
		78F29B3925AE84CE00D85CCB /* BlockPosition.swift */ = {isa = PBXFileReference; lastKnownFileType = sourcecode.swift; path = BlockPosition.swift; sourceTree = "<group>"; };
		78F29B3E25AE8FAA00D85CCB /* PacketHandlerThreadPool.swift */ = {isa = PBXFileReference; lastKnownFileType = sourcecode.swift; path = PacketHandlerThreadPool.swift; sourceTree = "<group>"; };
		78F29B4625AF136A00D85CCB /* World.swift */ = {isa = PBXFileReference; lastKnownFileType = sourcecode.swift; path = World.swift; sourceTree = "<group>"; };
		78F29B4B25AF14EE00D85CCB /* ChunkPosition.swift */ = {isa = PBXFileReference; lastKnownFileType = sourcecode.swift; path = ChunkPosition.swift; sourceTree = "<group>"; };
		78FA059A25B515810074CF37 /* UpdateViewPositionPacket.swift */ = {isa = PBXFileReference; lastKnownFileType = sourcecode.swift; path = UpdateViewPositionPacket.swift; sourceTree = "<group>"; };
/* End PBXFileReference section */

/* Begin PBXFrameworksBuildPhase section */
		784194B4258204CD0070DE78 /* Frameworks */ = {
			isa = PBXFrameworksBuildPhase;
			buildActionMask = 2147483647;
			files = (
			);
			runOnlyForDeploymentPostprocessing = 0;
		};
		784194C6258204D10070DE78 /* Frameworks */ = {
			isa = PBXFrameworksBuildPhase;
			buildActionMask = 2147483647;
			files = (
			);
			runOnlyForDeploymentPostprocessing = 0;
		};
		784194D1258204D10070DE78 /* Frameworks */ = {
			isa = PBXFrameworksBuildPhase;
			buildActionMask = 2147483647;
			files = (
			);
			runOnlyForDeploymentPostprocessing = 0;
		};
/* End PBXFrameworksBuildPhase section */

/* Begin PBXGroup section */
		784194AE258204CD0070DE78 = {
			isa = PBXGroup;
			children = (
				784194B9258204CD0070DE78 /* Minecraft */,
				784194CC258204D10070DE78 /* MinecraftTests */,
				784194D7258204D10070DE78 /* MinecraftUITests */,
				784194B8258204CD0070DE78 /* Products */,
			);
			sourceTree = "<group>";
		};
		784194B8258204CD0070DE78 /* Products */ = {
			isa = PBXGroup;
			children = (
				784194B7258204CD0070DE78 /* Minecraft.app */,
				784194C9258204D10070DE78 /* MinecraftTests.xctest */,
				784194D4258204D10070DE78 /* MinecraftUITests.xctest */,
			);
			name = Products;
			sourceTree = "<group>";
		};
		784194B9258204CD0070DE78 /* Minecraft */ = {
			isa = PBXGroup;
			children = (
				784194BA258204CD0070DE78 /* MinecraftApp.swift */,
				7878B52A25844B6B007C0D3D /* Views */,
				7884358E2585E5E3002F1F84 /* Minecraft */,
				787D8FEF258451A8007E6441 /* Networking */,
				784194BE258204D00070DE78 /* Assets.xcassets */,
				784194C3258204D00070DE78 /* Info.plist */,
				784194C4258204D00070DE78 /* Minecraft.entitlements */,
				784194C0258204D00070DE78 /* Preview Content */,
			);
			path = Minecraft;
			sourceTree = "<group>";
		};
		784194C0258204D00070DE78 /* Preview Content */ = {
			isa = PBXGroup;
			children = (
				784194C1258204D00070DE78 /* Preview Assets.xcassets */,
			);
			path = "Preview Content";
			sourceTree = "<group>";
		};
		784194CC258204D10070DE78 /* MinecraftTests */ = {
			isa = PBXGroup;
			children = (
				784194CD258204D10070DE78 /* MinecraftTests.swift */,
				784194CF258204D10070DE78 /* Info.plist */,
			);
			path = MinecraftTests;
			sourceTree = "<group>";
		};
		784194D7258204D10070DE78 /* MinecraftUITests */ = {
			isa = PBXGroup;
			children = (
				784194D8258204D10070DE78 /* MinecraftUITests.swift */,
				784194DA258204D10070DE78 /* Info.plist */,
			);
			path = MinecraftUITests;
			sourceTree = "<group>";
		};
		784B394125A185A600556E3E /* Play */ = {
			isa = PBXGroup;
			children = (
				78BFD2FA25B5AC2400366631 /* Clientbound */,
				78BFD2F925B5AC2400366631 /* Serverbound */,
			);
			path = Play;
			sourceTree = "<group>";
		};
		784CCA7D25AD2DB8004B3182 /* Recipes */ = {
			isa = PBXGroup;
			children = (
				784CCAD325AD3403004B3182 /* SpecialCrafting */,
				784CCA9F25AD300A004B3182 /* ItemStack.swift */,
				78764DEA25AD7F2700AE8716 /* Item.swift */,
				784CCA9A25AD2F99004B3182 /* Ingredient.swift */,
				784CCA9025AD2E86004B3182 /* CraftingRecipe.swift */,
				784CCA8B25AD2E40004B3182 /* CraftingShapeless.swift */,
				784CCA9525AD2F3D004B3182 /* CraftingShaped.swift */,
				784CCAA725AD30BB004B3182 /* HeatRecipe.swift */,
				784CCAAF25AD312B004B3182 /* SmeltingRecipe.swift */,
				784CCAB425AD3165004B3182 /* BlastingRecipe.swift */,
				784CCAB925AD317A004B3182 /* SmokingRecipe.swift */,
				784CCABE25AD31BA004B3182 /* CampfireCookingRecipe.swift */,
				784CCAC325AD3239004B3182 /* StonecuttingRecipe.swift */,
				784CCACB25AD328A004B3182 /* SmithingRecipe.swift */,
			);
			path = Recipes;
			sourceTree = "<group>";
		};
		784CCAD325AD3403004B3182 /* SpecialCrafting */ = {
			isa = PBXGroup;
			children = (
				78764DDC25AD374D00AE8716 /* SpecialRecipe.swift */,
				784CCAD425AD3417004B3182 /* ArmorDyeRecipe.swift */,
				784CCADF25AD343F004B3182 /* BookCloningRecipe.swift */,
				784CCAE425AD345B004B3182 /* MapCloningRecipe.swift */,
				784CCAE925AD3471004B3182 /* MapExtendingRecipe.swift */,
				784CCAEE25AD3487004B3182 /* FireworkRocketRecipe.swift */,
				784CCAF325AD349E004B3182 /* FireworkStarRecipe.swift */,
				784CCAF825AD34CC004B3182 /* FireworkStarFadeRecipe.swift */,
				784CCAFD25AD34E1004B3182 /* RepairItemRecipe.swift */,
				784CCB0225AD34FF004B3182 /* TippedArrowRecipe.swift */,
				784CCB0725AD3515004B3182 /* BannerDuplicateRecipe.swift */,
				784CCB0C25AD352E004B3182 /* BannerAddPatternRecipe.swift */,
				784CCB1125AD3545004B3182 /* ShieldDecorationRecipe.swift */,
				784CCB1625AD355B004B3182 /* ShulkerBoxColouringRecipe.swift */,
				78764DEF25AD9BFF00AE8716 /* SuspiciousStewRecipe.swift */,
			);
			path = SpecialCrafting;
			sourceTree = "<group>";
		};
		784CCB1B25AD35C3004B3182 /* Registries */ = {
			isa = PBXGroup;
			children = (
				784CCB1C25AD35EB004B3182 /* RecipeRegistry.swift */,
			);
			path = Registries;
			sourceTree = "<group>";
		};
		7878B52A25844B6B007C0D3D /* Views */ = {
			isa = PBXGroup;
			children = (
				78764E0425ADCA7900AE8716 /* AppView.swift */,
				7878B52D25844B6B007C0D3D /* ServerListView.swift */,
				7878B52B25844B6B007C0D3D /* GameView.swift */,
				7830D8D22596C13A00D35180 /* ErrorView.swift */,
				7884359F25861B55002F1F84 /* ServerListEntryView.swift */,
				7878B52C25844B6B007C0D3D /* ServerDetailView.swift */,
				7830D8CD2596B91B00D35180 /* ViewState.swift */,
			);
			path = Views;
			sourceTree = "<group>";
		};
		787D8FEF258451A8007E6441 /* Networking */ = {
			isa = PBXGroup;
			children = (
				787D8FF0258451A8007E6441 /* ServerConnection.swift */,
				78F29B3E25AE8FAA00D85CCB /* PacketHandlerThreadPool.swift */,
				78654EB62585E0CF00770FFF /* PingInfo.swift */,
				787D8FF525848480007E6441 /* Packet.swift */,
				78C2D58E258597D400883DF5 /* PacketReader.swift */,
				787D900625848726007E6441 /* PacketWriter.swift */,
				78F29B1D25AE769B00D85CCB /* CompactedLongArray.swift */,
				787D8FFD2584857A007E6441 /* Packets */,
			);
			path = Networking;
			sourceTree = "<group>";
		};
		787D8FFD2584857A007E6441 /* Packets */ = {
			isa = PBXGroup;
			children = (
				78BFD30125B5ACBC00366631 /* Handshaking */,
				78BFD2FE25B5AC6000366631 /* Status */,
				78BFD2FB25B5AC6000366631 /* Login */,
				784B394125A185A600556E3E /* Play */,
			);
			path = Packets;
			sourceTree = "<group>";
		};
		7884358E2585E5E3002F1F84 /* Minecraft */ = {
			isa = PBXGroup;
			children = (
				78F29B3025AE845700D85CCB /* Entity */,
				78F29B2225AE817C00D85CCB /* World */,
				784CCB1B25AD35C3004B3182 /* Registries */,
				784CCA7D25AD2DB8004B3182 /* Recipes */,
				78764DF425AD9FCA00AE8716 /* Client.swift */,
				7884358F2585E606002F1F84 /* Server.swift */,
				784F4B7C25B7FC0A00FE21AA /* ServerInfo.swift */,
				784F4B7725B7F6AC00FE21AA /* ServerPinger.swift */,
				78BFD2EB25B522A700366631 /* ServerConfig.swift */,
				7884359A25861981002F1F84 /* ServerList.swift */,
				78225CE2258EC0CE007B7F98 /* EventManager.swift */,
				784D97902587604700FC89F8 /* Config.swift */,
				784CAE23259AB654003E5F87 /* UUID.swift */,
				78965087258861FE0079C5CF /* NBTCompound.swift */,
				789BE9E22589DAC7001C08ED /* JSON.swift */,
				7878855E2588136700226064 /* Buffer.swift */,
				784B393C25A17AB600556E3E /* Identifier.swift */,
				784B394A25A19CCC00556E3E /* Gamemode.swift */,
				784B395425A19E3900556E3E /* Difficulty.swift */,
				780D9BA82596CF5900144D45 /* LauncherProfile.swift */,
				7830D8C825940BE500D35180 /* Logger.swift */,
				784CAE28259ACA74003E5F87 /* Slot.swift */,
				78F29B3925AE84CE00D85CCB /* BlockPosition.swift */,
			);
			path = Minecraft;
			sourceTree = "<group>";
		};
		78BFD2F925B5AC2400366631 /* Serverbound */ = {
			isa = PBXGroup;
			children = (
			);
			path = Serverbound;
			sourceTree = "<group>";
		};
		78BFD2FA25B5AC2400366631 /* Clientbound */ = {
			isa = PBXGroup;
			children = (
				784B394225A185B200556E3E /* JoinGamePacket.swift */,
				784B395E25A1BCA400556E3E /* HeldItemChangePacket.swift */,
				784B396325A1C19800556E3E /* DeclareRecipesPacket.swift */,
				784B395925A1B84000556E3E /* PlayerAbilitiesPacket.swift */,
				784B394F25A19D8300556E3E /* SetDifficultyPacket.swift */,
				78764E0F25AE4B9200AE8716 /* TagsPacket.swift */,
				78764E1425AE5E6900AE8716 /* ChunkDataPacket.swift */,
				78FA059A25B515810074CF37 /* UpdateViewPositionPacket.swift */,
			);
			path = Clientbound;
			sourceTree = "<group>";
		};
		78BFD2FB25B5AC6000366631 /* Login */ = {
			isa = PBXGroup;
			children = (
				78BFD2FD25B5AC6000366631 /* Clientbound */,
				78BFD2FC25B5AC6000366631 /* Serverbound */,
			);
			path = Login;
			sourceTree = "<group>";
		};
		78BFD2FC25B5AC6000366631 /* Serverbound */ = {
			isa = PBXGroup;
			children = (
				789650912588834C0079C5CF /* LoginStart.swift */,
			);
			path = Serverbound;
			sourceTree = "<group>";
		};
		78BFD2FD25B5AC6000366631 /* Clientbound */ = {
			isa = PBXGroup;
			children = (
				784B392D25A14F7500556E3E /* LoginDisconnect.swift */,
				784B393225A14F8400556E3E /* LoginSuccess.swift */,
			);
			path = Clientbound;
			sourceTree = "<group>";
		};
		78BFD2FE25B5AC6000366631 /* Status */ = {
			isa = PBXGroup;
			children = (
				78BFD30025B5AC6000366631 /* Clientbound */,
				78BFD2FF25B5AC6000366631 /* Serverbound */,
			);
			path = Status;
			sourceTree = "<group>";
		};
		78BFD2FF25B5AC6000366631 /* Serverbound */ = {
			isa = PBXGroup;
			children = (
				78C2D5842585949800883DF5 /* StatusRequest.swift */,
			);
			path = Serverbound;
			sourceTree = "<group>";
		};
		78BFD30025B5AC6000366631 /* Clientbound */ = {
			isa = PBXGroup;
			children = (
				78C2D5892585955500883DF5 /* StatusResponse.swift */,
			);
			path = Clientbound;
			sourceTree = "<group>";
		};
		78BFD30125B5ACBC00366631 /* Handshaking */ = {
			isa = PBXGroup;
			children = (
				78BFD30225B5ACD000366631 /* Serverbound */,
			);
			path = Handshaking;
			sourceTree = "<group>";
		};
		78BFD30225B5ACD000366631 /* Serverbound */ = {
			isa = PBXGroup;
			children = (
				787D8FFE258485A7007E6441 /* Handshake.swift */,
			);
			path = Serverbound;
			sourceTree = "<group>";
		};
		78F29B2225AE817C00D85CCB /* World */ = {
			isa = PBXGroup;
			children = (
				78F29B2325AE818700D85CCB /* Chunk.swift */,
				781E63BA25B14CBE00ADFAB8 /* ChunkData.swift */,
				78F29B4B25AF14EE00D85CCB /* ChunkPosition.swift */,
				78F29B2B25AE81E000D85CCB /* ChunkSection.swift */,
				78F29B4625AF136A00D85CCB /* World.swift */,
				78BFD2E625B521A800366631 /* WorldConfig.swift */,
			);
			path = World;
			sourceTree = "<group>";
		};
		78F29B3025AE845700D85CCB /* Entity */ = {
			isa = PBXGroup;
			children = (
				781E63BF25B165F900ADFAB8 /* Player.swift */,
				78F29B3125AE846000D85CCB /* BlockEntity.swift */,
				781E63CA25B166D000ADFAB8 /* EntityPosition.swift */,
			);
			path = Entity;
			sourceTree = "<group>";
		};
/* End PBXGroup section */

/* Begin PBXNativeTarget section */
		784194B6258204CD0070DE78 /* Minecraft */ = {
			isa = PBXNativeTarget;
			buildConfigurationList = 784194DD258204D10070DE78 /* Build configuration list for PBXNativeTarget "Minecraft" */;
			buildPhases = (
				784194B3258204CD0070DE78 /* Sources */,
				784194B4258204CD0070DE78 /* Frameworks */,
				784194B5258204CD0070DE78 /* Resources */,
				78B4A35A25932E4700961E0F /* ShellScript */,
			);
			buildRules = (
			);
			dependencies = (
			);
			name = Minecraft;
			productName = Minecraft;
			productReference = 784194B7258204CD0070DE78 /* Minecraft.app */;
			productType = "com.apple.product-type.application";
		};
		784194C8258204D10070DE78 /* MinecraftTests */ = {
			isa = PBXNativeTarget;
			buildConfigurationList = 784194E0258204D10070DE78 /* Build configuration list for PBXNativeTarget "MinecraftTests" */;
			buildPhases = (
				784194C5258204D10070DE78 /* Sources */,
				784194C6258204D10070DE78 /* Frameworks */,
				784194C7258204D10070DE78 /* Resources */,
			);
			buildRules = (
			);
			dependencies = (
				784194CB258204D10070DE78 /* PBXTargetDependency */,
			);
			name = MinecraftTests;
			productName = MinecraftTests;
			productReference = 784194C9258204D10070DE78 /* MinecraftTests.xctest */;
			productType = "com.apple.product-type.bundle.unit-test";
		};
		784194D3258204D10070DE78 /* MinecraftUITests */ = {
			isa = PBXNativeTarget;
			buildConfigurationList = 784194E3258204D10070DE78 /* Build configuration list for PBXNativeTarget "MinecraftUITests" */;
			buildPhases = (
				784194D0258204D10070DE78 /* Sources */,
				784194D1258204D10070DE78 /* Frameworks */,
				784194D2258204D10070DE78 /* Resources */,
			);
			buildRules = (
			);
			dependencies = (
				784194D6258204D10070DE78 /* PBXTargetDependency */,
			);
			name = MinecraftUITests;
			productName = MinecraftUITests;
			productReference = 784194D4258204D10070DE78 /* MinecraftUITests.xctest */;
			productType = "com.apple.product-type.bundle.ui-testing";
		};
/* End PBXNativeTarget section */

/* Begin PBXProject section */
		784194AF258204CD0070DE78 /* Project object */ = {
			isa = PBXProject;
			attributes = {
				LastSwiftUpdateCheck = 1220;
				LastUpgradeCheck = 1220;
				TargetAttributes = {
					784194B6258204CD0070DE78 = {
						CreatedOnToolsVersion = 12.2;
					};
					784194C8258204D10070DE78 = {
						CreatedOnToolsVersion = 12.2;
						TestTargetID = 784194B6258204CD0070DE78;
					};
					784194D3258204D10070DE78 = {
						CreatedOnToolsVersion = 12.2;
						TestTargetID = 784194B6258204CD0070DE78;
					};
				};
			};
			buildConfigurationList = 784194B2258204CD0070DE78 /* Build configuration list for PBXProject "Minecraft" */;
			compatibilityVersion = "Xcode 9.3";
			developmentRegion = en;
			hasScannedForEncodings = 0;
			knownRegions = (
				en,
				Base,
			);
			mainGroup = 784194AE258204CD0070DE78;
			productRefGroup = 784194B8258204CD0070DE78 /* Products */;
			projectDirPath = "";
			projectRoot = "";
			targets = (
				784194B6258204CD0070DE78 /* Minecraft */,
				784194C8258204D10070DE78 /* MinecraftTests */,
				784194D3258204D10070DE78 /* MinecraftUITests */,
			);
		};
/* End PBXProject section */

/* Begin PBXResourcesBuildPhase section */
		784194B5258204CD0070DE78 /* Resources */ = {
			isa = PBXResourcesBuildPhase;
			buildActionMask = 2147483647;
			files = (
				784194C2258204D00070DE78 /* Preview Assets.xcassets in Resources */,
				784194BF258204D00070DE78 /* Assets.xcassets in Resources */,
			);
			runOnlyForDeploymentPostprocessing = 0;
		};
		784194C7258204D10070DE78 /* Resources */ = {
			isa = PBXResourcesBuildPhase;
			buildActionMask = 2147483647;
			files = (
			);
			runOnlyForDeploymentPostprocessing = 0;
		};
		784194D2258204D10070DE78 /* Resources */ = {
			isa = PBXResourcesBuildPhase;
			buildActionMask = 2147483647;
			files = (
			);
			runOnlyForDeploymentPostprocessing = 0;
		};
/* End PBXResourcesBuildPhase section */

/* Begin PBXShellScriptBuildPhase section */
		78B4A35A25932E4700961E0F /* ShellScript */ = {
			isa = PBXShellScriptBuildPhase;
			alwaysOutOfDate = 1;
			buildActionMask = 2147483647;
			files = (
			);
			inputFileListPaths = (
			);
			inputPaths = (
			);
			outputFileListPaths = (
			);
			outputPaths = (
			);
			runOnlyForDeploymentPostprocessing = 0;
			shellPath = /bin/sh;
			shellScript = "# Type a script or drag a script file from your workspace to insert its path.\nTAGS=\"TODO:|FIXME:\"\necho \"searching ${SRCROOT} for ${TAGS}\"\nfind \"${SRCROOT}\" \\( -name \"*.swift\" \\) -print0 | xargs -0 egrep --with-filename --line-number --only-matching \"($TAGS).*\\$\" | perl -p -e \"s/($TAGS)/ warning: \\$1/\"\n";
		};
/* End PBXShellScriptBuildPhase section */

/* Begin PBXSourcesBuildPhase section */
		784194B3258204CD0070DE78 /* Sources */ = {
			isa = PBXSourcesBuildPhase;
			buildActionMask = 2147483647;
			files = (
				78F29B4725AF136A00D85CCB /* World.swift in Sources */,
				784CCAA025AD300B004B3182 /* ItemStack.swift in Sources */,
				784CCB0825AD3515004B3182 /* BannerDuplicateRecipe.swift in Sources */,
				787D900725848726007E6441 /* PacketWriter.swift in Sources */,
				781E63C025B165F900ADFAB8 /* Player.swift in Sources */,
				784CCAF925AD34CC004B3182 /* FireworkStarFadeRecipe.swift in Sources */,
				784194BB258204CD0070DE78 /* MinecraftApp.swift in Sources */,
				787D8FF1258451A8007E6441 /* ServerConnection.swift in Sources */,
				78654EB72585E0CF00770FFF /* PingInfo.swift in Sources */,
				784CCA9B25AD2F99004B3182 /* Ingredient.swift in Sources */,
				7830D8CE2596B91B00D35180 /* ViewState.swift in Sources */,
				78BFD2E725B521A800366631 /* WorldConfig.swift in Sources */,
				784CAE24259AB654003E5F87 /* UUID.swift in Sources */,
				788435A025861B55002F1F84 /* ServerListEntryView.swift in Sources */,
				784CCB0D25AD352E004B3182 /* BannerAddPatternRecipe.swift in Sources */,
				7878B52F25844B6B007C0D3D /* GameView.swift in Sources */,
				784CCA9125AD2E86004B3182 /* CraftingRecipe.swift in Sources */,
				784CCAC425AD3239004B3182 /* StonecuttingRecipe.swift in Sources */,
				78764E1025AE4B9200AE8716 /* TagsPacket.swift in Sources */,
				7878B53125844B6B007C0D3D /* ServerListView.swift in Sources */,
				784F4B7825B7F6AC00FE21AA /* ServerPinger.swift in Sources */,
				784CCB0325AD34FF004B3182 /* TippedArrowRecipe.swift in Sources */,
				78C2D58A2585955500883DF5 /* StatusResponse.swift in Sources */,
				78764DF025AD9BFF00AE8716 /* SuspiciousStewRecipe.swift in Sources */,
				78764E0525ADCA7900AE8716 /* AppView.swift in Sources */,
				78764DDD25AD374D00AE8716 /* SpecialRecipe.swift in Sources */,
				7830D8C925940BE500D35180 /* Logger.swift in Sources */,
				784B395025A19D8300556E3E /* SetDifficultyPacket.swift in Sources */,
				7830D8D32596C13A00D35180 /* ErrorView.swift in Sources */,
				784CCA8C25AD2E40004B3182 /* CraftingShapeless.swift in Sources */,
				784CCB1225AD3545004B3182 /* ShieldDecorationRecipe.swift in Sources */,
				784CCAE025AD343F004B3182 /* BookCloningRecipe.swift in Sources */,
				78965088258861FE0079C5CF /* NBTCompound.swift in Sources */,
				784B395A25A1B84000556E3E /* PlayerAbilitiesPacket.swift in Sources */,
				784CCA9625AD2F3D004B3182 /* CraftingShaped.swift in Sources */,
				784B393D25A17AB600556E3E /* Identifier.swift in Sources */,
				784B395525A19E3900556E3E /* Difficulty.swift in Sources */,
				78F29B1E25AE769B00D85CCB /* CompactedLongArray.swift in Sources */,
				784CAE29259ACA74003E5F87 /* Slot.swift in Sources */,
				784B394B25A19CCC00556E3E /* Gamemode.swift in Sources */,
				78C2D5852585949800883DF5 /* StatusRequest.swift in Sources */,
				7878B53025844B6B007C0D3D /* ServerDetailView.swift in Sources */,
				78F29B3A25AE84CE00D85CCB /* BlockPosition.swift in Sources */,
				789650922588834C0079C5CF /* LoginStart.swift in Sources */,
				784CCABF25AD31BA004B3182 /* CampfireCookingRecipe.swift in Sources */,
				784B392E25A14F7500556E3E /* LoginDisconnect.swift in Sources */,
				784D97912587604700FC89F8 /* Config.swift in Sources */,
				781E63BB25B14CBE00ADFAB8 /* ChunkData.swift in Sources */,
				7878855F2588136700226064 /* Buffer.swift in Sources */,
				78F29B4C25AF14EE00D85CCB /* ChunkPosition.swift in Sources */,
				784CCACC25AD328A004B3182 /* SmithingRecipe.swift in Sources */,
				784CCB1D25AD35EB004B3182 /* RecipeRegistry.swift in Sources */,
				784CCAB025AD312B004B3182 /* SmeltingRecipe.swift in Sources */,
				78F29B2425AE818700D85CCB /* Chunk.swift in Sources */,
				784B396425A1C19800556E3E /* DeclareRecipesPacket.swift in Sources */,
				789BE9E32589DAC7001C08ED /* JSON.swift in Sources */,
				784CCAEF25AD3487004B3182 /* FireworkRocketRecipe.swift in Sources */,
				78F29B2C25AE81E000D85CCB /* ChunkSection.swift in Sources */,
				787D8FF625848480007E6441 /* Packet.swift in Sources */,
				780D9BA92596CF5900144D45 /* LauncherProfile.swift in Sources */,
				78F29B3225AE846000D85CCB /* BlockEntity.swift in Sources */,
				78764E1525AE5E6900AE8716 /* ChunkDataPacket.swift in Sources */,
				78C2D58F258597D400883DF5 /* PacketReader.swift in Sources */,
				784CCAE525AD345B004B3182 /* MapCloningRecipe.swift in Sources */,
				78764DF525AD9FCA00AE8716 /* Client.swift in Sources */,
				78FA059B25B515810074CF37 /* UpdateViewPositionPacket.swift in Sources */,
				78BFD2EC25B522A700366631 /* ServerConfig.swift in Sources */,
				784CCAA825AD30BB004B3182 /* HeatRecipe.swift in Sources */,
				78225CE3258EC0CE007B7F98 /* EventManager.swift in Sources */,
				78764DEB25AD7F2700AE8716 /* Item.swift in Sources */,
				784CCABA25AD317A004B3182 /* SmokingRecipe.swift in Sources */,
				784CCAB525AD3165004B3182 /* BlastingRecipe.swift in Sources */,
				784CCAFE25AD34E1004B3182 /* RepairItemRecipe.swift in Sources */,
				784B394325A185B200556E3E /* JoinGamePacket.swift in Sources */,
				784B395F25A1BCA400556E3E /* HeldItemChangePacket.swift in Sources */,
				784CCAD525AD3417004B3182 /* ArmorDyeRecipe.swift in Sources */,
				787D8FFF258485A7007E6441 /* Handshake.swift in Sources */,
				78F29B3F25AE8FAA00D85CCB /* PacketHandlerThreadPool.swift in Sources */,
				7884359B25861981002F1F84 /* ServerList.swift in Sources */,
				784CCB1725AD355B004B3182 /* ShulkerBoxColouringRecipe.swift in Sources */,
				784CCAEA25AD3471004B3182 /* MapExtendingRecipe.swift in Sources */,
				784F4B7D25B7FC0A00FE21AA /* ServerInfo.swift in Sources */,
				784CCAF425AD349E004B3182 /* FireworkStarRecipe.swift in Sources */,
				788435902585E606002F1F84 /* Server.swift in Sources */,
				781E63CB25B166D000ADFAB8 /* EntityPosition.swift in Sources */,
				784B393325A14F8400556E3E /* LoginSuccess.swift in Sources */,
			);
			runOnlyForDeploymentPostprocessing = 0;
		};
		784194C5258204D10070DE78 /* Sources */ = {
			isa = PBXSourcesBuildPhase;
			buildActionMask = 2147483647;
			files = (
				784194CE258204D10070DE78 /* MinecraftTests.swift in Sources */,
			);
			runOnlyForDeploymentPostprocessing = 0;
		};
		784194D0258204D10070DE78 /* Sources */ = {
			isa = PBXSourcesBuildPhase;
			buildActionMask = 2147483647;
			files = (
				784194D9258204D10070DE78 /* MinecraftUITests.swift in Sources */,
			);
			runOnlyForDeploymentPostprocessing = 0;
		};
/* End PBXSourcesBuildPhase section */

/* Begin PBXTargetDependency section */
		784194CB258204D10070DE78 /* PBXTargetDependency */ = {
			isa = PBXTargetDependency;
			target = 784194B6258204CD0070DE78 /* Minecraft */;
			targetProxy = 784194CA258204D10070DE78 /* PBXContainerItemProxy */;
		};
		784194D6258204D10070DE78 /* PBXTargetDependency */ = {
			isa = PBXTargetDependency;
			target = 784194B6258204CD0070DE78 /* Minecraft */;
			targetProxy = 784194D5258204D10070DE78 /* PBXContainerItemProxy */;
		};
/* End PBXTargetDependency section */

/* Begin XCBuildConfiguration section */
		784194DB258204D10070DE78 /* Debug */ = {
			isa = XCBuildConfiguration;
			buildSettings = {
				ALWAYS_SEARCH_USER_PATHS = NO;
				CLANG_ANALYZER_NONNULL = YES;
				CLANG_ANALYZER_NUMBER_OBJECT_CONVERSION = YES_AGGRESSIVE;
				CLANG_CXX_LANGUAGE_STANDARD = "gnu++14";
				CLANG_CXX_LIBRARY = "libc++";
				CLANG_ENABLE_MODULES = YES;
				CLANG_ENABLE_OBJC_ARC = YES;
				CLANG_ENABLE_OBJC_WEAK = YES;
				CLANG_WARN_BLOCK_CAPTURE_AUTORELEASING = YES;
				CLANG_WARN_BOOL_CONVERSION = YES;
				CLANG_WARN_COMMA = YES;
				CLANG_WARN_CONSTANT_CONVERSION = YES;
				CLANG_WARN_DEPRECATED_OBJC_IMPLEMENTATIONS = YES;
				CLANG_WARN_DIRECT_OBJC_ISA_USAGE = YES_ERROR;
				CLANG_WARN_DOCUMENTATION_COMMENTS = YES;
				CLANG_WARN_EMPTY_BODY = YES;
				CLANG_WARN_ENUM_CONVERSION = YES;
				CLANG_WARN_INFINITE_RECURSION = YES;
				CLANG_WARN_INT_CONVERSION = YES;
				CLANG_WARN_NON_LITERAL_NULL_CONVERSION = YES;
				CLANG_WARN_OBJC_IMPLICIT_RETAIN_SELF = YES;
				CLANG_WARN_OBJC_LITERAL_CONVERSION = YES;
				CLANG_WARN_OBJC_ROOT_CLASS = YES_ERROR;
				CLANG_WARN_QUOTED_INCLUDE_IN_FRAMEWORK_HEADER = YES;
				CLANG_WARN_RANGE_LOOP_ANALYSIS = YES;
				CLANG_WARN_STRICT_PROTOTYPES = YES;
				CLANG_WARN_SUSPICIOUS_MOVE = YES;
				CLANG_WARN_UNGUARDED_AVAILABILITY = YES_AGGRESSIVE;
				CLANG_WARN_UNREACHABLE_CODE = YES;
				CLANG_WARN__DUPLICATE_METHOD_MATCH = YES;
				COPY_PHASE_STRIP = NO;
				DEBUG_INFORMATION_FORMAT = dwarf;
				ENABLE_STRICT_OBJC_MSGSEND = YES;
				ENABLE_TESTABILITY = YES;
				GCC_C_LANGUAGE_STANDARD = gnu11;
				GCC_DYNAMIC_NO_PIC = NO;
				GCC_NO_COMMON_BLOCKS = YES;
				GCC_OPTIMIZATION_LEVEL = 0;
				GCC_PREPROCESSOR_DEFINITIONS = (
					"DEBUG=1",
					"$(inherited)",
				);
				GCC_WARN_64_TO_32_BIT_CONVERSION = YES;
				GCC_WARN_ABOUT_RETURN_TYPE = YES_ERROR;
				GCC_WARN_UNDECLARED_SELECTOR = YES;
				GCC_WARN_UNINITIALIZED_AUTOS = YES_AGGRESSIVE;
				GCC_WARN_UNUSED_FUNCTION = YES;
				GCC_WARN_UNUSED_VARIABLE = YES;
				MACOSX_DEPLOYMENT_TARGET = 11.0;
				MTL_ENABLE_DEBUG_INFO = INCLUDE_SOURCE;
				MTL_FAST_MATH = YES;
				ONLY_ACTIVE_ARCH = YES;
				SDKROOT = macosx;
				SWIFT_ACTIVE_COMPILATION_CONDITIONS = DEBUG;
				SWIFT_OPTIMIZATION_LEVEL = "-Onone";
			};
			name = Debug;
		};
		784194DC258204D10070DE78 /* Release */ = {
			isa = XCBuildConfiguration;
			buildSettings = {
				ALWAYS_SEARCH_USER_PATHS = NO;
				CLANG_ANALYZER_NONNULL = YES;
				CLANG_ANALYZER_NUMBER_OBJECT_CONVERSION = YES_AGGRESSIVE;
				CLANG_CXX_LANGUAGE_STANDARD = "gnu++14";
				CLANG_CXX_LIBRARY = "libc++";
				CLANG_ENABLE_MODULES = YES;
				CLANG_ENABLE_OBJC_ARC = YES;
				CLANG_ENABLE_OBJC_WEAK = YES;
				CLANG_WARN_BLOCK_CAPTURE_AUTORELEASING = YES;
				CLANG_WARN_BOOL_CONVERSION = YES;
				CLANG_WARN_COMMA = YES;
				CLANG_WARN_CONSTANT_CONVERSION = YES;
				CLANG_WARN_DEPRECATED_OBJC_IMPLEMENTATIONS = YES;
				CLANG_WARN_DIRECT_OBJC_ISA_USAGE = YES_ERROR;
				CLANG_WARN_DOCUMENTATION_COMMENTS = YES;
				CLANG_WARN_EMPTY_BODY = YES;
				CLANG_WARN_ENUM_CONVERSION = YES;
				CLANG_WARN_INFINITE_RECURSION = YES;
				CLANG_WARN_INT_CONVERSION = YES;
				CLANG_WARN_NON_LITERAL_NULL_CONVERSION = YES;
				CLANG_WARN_OBJC_IMPLICIT_RETAIN_SELF = YES;
				CLANG_WARN_OBJC_LITERAL_CONVERSION = YES;
				CLANG_WARN_OBJC_ROOT_CLASS = YES_ERROR;
				CLANG_WARN_QUOTED_INCLUDE_IN_FRAMEWORK_HEADER = YES;
				CLANG_WARN_RANGE_LOOP_ANALYSIS = YES;
				CLANG_WARN_STRICT_PROTOTYPES = YES;
				CLANG_WARN_SUSPICIOUS_MOVE = YES;
				CLANG_WARN_UNGUARDED_AVAILABILITY = YES_AGGRESSIVE;
				CLANG_WARN_UNREACHABLE_CODE = YES;
				CLANG_WARN__DUPLICATE_METHOD_MATCH = YES;
				COPY_PHASE_STRIP = NO;
				DEBUG_INFORMATION_FORMAT = "dwarf-with-dsym";
				ENABLE_NS_ASSERTIONS = NO;
				ENABLE_STRICT_OBJC_MSGSEND = YES;
				GCC_C_LANGUAGE_STANDARD = gnu11;
				GCC_NO_COMMON_BLOCKS = YES;
				GCC_WARN_64_TO_32_BIT_CONVERSION = YES;
				GCC_WARN_ABOUT_RETURN_TYPE = YES_ERROR;
				GCC_WARN_UNDECLARED_SELECTOR = YES;
				GCC_WARN_UNINITIALIZED_AUTOS = YES_AGGRESSIVE;
				GCC_WARN_UNUSED_FUNCTION = YES;
				GCC_WARN_UNUSED_VARIABLE = YES;
				MACOSX_DEPLOYMENT_TARGET = 11.0;
				MTL_ENABLE_DEBUG_INFO = NO;
				MTL_FAST_MATH = YES;
				SDKROOT = macosx;
				SWIFT_COMPILATION_MODE = wholemodule;
				SWIFT_OPTIMIZATION_LEVEL = "-O";
			};
			name = Release;
		};
		784194DE258204D10070DE78 /* Debug */ = {
			isa = XCBuildConfiguration;
			buildSettings = {
				ASSETCATALOG_COMPILER_APPICON_NAME = AppIcon;
				ASSETCATALOG_COMPILER_GLOBAL_ACCENT_COLOR_NAME = AccentColor;
				CODE_SIGN_ENTITLEMENTS = Minecraft/Minecraft.entitlements;
				CODE_SIGN_STYLE = Automatic;
				COMBINE_HIDPI_IMAGES = YES;
				DEVELOPMENT_ASSET_PATHS = "\"Minecraft/Preview Content\"";
				DEVELOPMENT_TEAM = 2LMZ445376;
				ENABLE_HARDENED_RUNTIME = YES;
				ENABLE_PREVIEWS = YES;
				INFOPLIST_FILE = Minecraft/Info.plist;
				LD_RUNPATH_SEARCH_PATHS = (
					"$(inherited)",
					"@executable_path/../Frameworks",
				);
				MACOSX_DEPLOYMENT_TARGET = 11.0;
				PRODUCT_BUNDLE_IDENTIFIER = com.rohanarievk.Minecraft;
				PRODUCT_NAME = "$(TARGET_NAME)";
				SWIFT_VERSION = 5.0;
			};
			name = Debug;
		};
		784194DF258204D10070DE78 /* Release */ = {
			isa = XCBuildConfiguration;
			buildSettings = {
				ASSETCATALOG_COMPILER_APPICON_NAME = AppIcon;
				ASSETCATALOG_COMPILER_GLOBAL_ACCENT_COLOR_NAME = AccentColor;
				CODE_SIGN_ENTITLEMENTS = Minecraft/Minecraft.entitlements;
				CODE_SIGN_STYLE = Automatic;
				COMBINE_HIDPI_IMAGES = YES;
				DEVELOPMENT_ASSET_PATHS = "\"Minecraft/Preview Content\"";
				DEVELOPMENT_TEAM = 2LMZ445376;
				ENABLE_HARDENED_RUNTIME = YES;
				ENABLE_PREVIEWS = YES;
				INFOPLIST_FILE = Minecraft/Info.plist;
				LD_RUNPATH_SEARCH_PATHS = (
					"$(inherited)",
					"@executable_path/../Frameworks",
				);
				MACOSX_DEPLOYMENT_TARGET = 11.0;
				PRODUCT_BUNDLE_IDENTIFIER = com.rohanarievk.Minecraft;
				PRODUCT_NAME = "$(TARGET_NAME)";
				SWIFT_VERSION = 5.0;
			};
			name = Release;
		};
		784194E1258204D10070DE78 /* Debug */ = {
			isa = XCBuildConfiguration;
			buildSettings = {
				ALWAYS_EMBED_SWIFT_STANDARD_LIBRARIES = YES;
				BUNDLE_LOADER = "$(TEST_HOST)";
				CODE_SIGN_STYLE = Automatic;
				COMBINE_HIDPI_IMAGES = YES;
				DEVELOPMENT_TEAM = 2LMZ445376;
				INFOPLIST_FILE = MinecraftTests/Info.plist;
				LD_RUNPATH_SEARCH_PATHS = (
					"$(inherited)",
					"@executable_path/../Frameworks",
					"@loader_path/../Frameworks",
				);
				MACOSX_DEPLOYMENT_TARGET = 11.0;
				PRODUCT_BUNDLE_IDENTIFIER = com.rohanarievk.MinecraftTests;
				PRODUCT_NAME = "$(TARGET_NAME)";
				SWIFT_VERSION = 5.0;
				TEST_HOST = "$(BUILT_PRODUCTS_DIR)/Minecraft.app/Contents/MacOS/Minecraft";
			};
			name = Debug;
		};
		784194E2258204D10070DE78 /* Release */ = {
			isa = XCBuildConfiguration;
			buildSettings = {
				ALWAYS_EMBED_SWIFT_STANDARD_LIBRARIES = YES;
				BUNDLE_LOADER = "$(TEST_HOST)";
				CODE_SIGN_STYLE = Automatic;
				COMBINE_HIDPI_IMAGES = YES;
				DEVELOPMENT_TEAM = 2LMZ445376;
				INFOPLIST_FILE = MinecraftTests/Info.plist;
				LD_RUNPATH_SEARCH_PATHS = (
					"$(inherited)",
					"@executable_path/../Frameworks",
					"@loader_path/../Frameworks",
				);
				MACOSX_DEPLOYMENT_TARGET = 11.0;
				PRODUCT_BUNDLE_IDENTIFIER = com.rohanarievk.MinecraftTests;
				PRODUCT_NAME = "$(TARGET_NAME)";
				SWIFT_VERSION = 5.0;
				TEST_HOST = "$(BUILT_PRODUCTS_DIR)/Minecraft.app/Contents/MacOS/Minecraft";
			};
			name = Release;
		};
		784194E4258204D10070DE78 /* Debug */ = {
			isa = XCBuildConfiguration;
			buildSettings = {
				ALWAYS_EMBED_SWIFT_STANDARD_LIBRARIES = YES;
				CODE_SIGN_STYLE = Automatic;
				COMBINE_HIDPI_IMAGES = YES;
				DEVELOPMENT_TEAM = 2LMZ445376;
				INFOPLIST_FILE = MinecraftUITests/Info.plist;
				LD_RUNPATH_SEARCH_PATHS = (
					"$(inherited)",
					"@executable_path/../Frameworks",
					"@loader_path/../Frameworks",
				);
				PRODUCT_BUNDLE_IDENTIFIER = com.rohanarievk.MinecraftUITests;
				PRODUCT_NAME = "$(TARGET_NAME)";
				SWIFT_VERSION = 5.0;
				TEST_TARGET_NAME = Minecraft;
			};
			name = Debug;
		};
		784194E5258204D10070DE78 /* Release */ = {
			isa = XCBuildConfiguration;
			buildSettings = {
				ALWAYS_EMBED_SWIFT_STANDARD_LIBRARIES = YES;
				CODE_SIGN_STYLE = Automatic;
				COMBINE_HIDPI_IMAGES = YES;
				DEVELOPMENT_TEAM = 2LMZ445376;
				INFOPLIST_FILE = MinecraftUITests/Info.plist;
				LD_RUNPATH_SEARCH_PATHS = (
					"$(inherited)",
					"@executable_path/../Frameworks",
					"@loader_path/../Frameworks",
				);
				PRODUCT_BUNDLE_IDENTIFIER = com.rohanarievk.MinecraftUITests;
				PRODUCT_NAME = "$(TARGET_NAME)";
				SWIFT_VERSION = 5.0;
				TEST_TARGET_NAME = Minecraft;
			};
			name = Release;
		};
/* End XCBuildConfiguration section */

/* Begin XCConfigurationList section */
		784194B2258204CD0070DE78 /* Build configuration list for PBXProject "Minecraft" */ = {
			isa = XCConfigurationList;
			buildConfigurations = (
				784194DB258204D10070DE78 /* Debug */,
				784194DC258204D10070DE78 /* Release */,
			);
			defaultConfigurationIsVisible = 0;
			defaultConfigurationName = Release;
		};
		784194DD258204D10070DE78 /* Build configuration list for PBXNativeTarget "Minecraft" */ = {
			isa = XCConfigurationList;
			buildConfigurations = (
				784194DE258204D10070DE78 /* Debug */,
				784194DF258204D10070DE78 /* Release */,
			);
			defaultConfigurationIsVisible = 0;
			defaultConfigurationName = Release;
		};
		784194E0258204D10070DE78 /* Build configuration list for PBXNativeTarget "MinecraftTests" */ = {
			isa = XCConfigurationList;
			buildConfigurations = (
				784194E1258204D10070DE78 /* Debug */,
				784194E2258204D10070DE78 /* Release */,
			);
			defaultConfigurationIsVisible = 0;
			defaultConfigurationName = Release;
		};
		784194E3258204D10070DE78 /* Build configuration list for PBXNativeTarget "MinecraftUITests" */ = {
			isa = XCConfigurationList;
			buildConfigurations = (
				784194E4258204D10070DE78 /* Debug */,
				784194E5258204D10070DE78 /* Release */,
			);
			defaultConfigurationIsVisible = 0;
			defaultConfigurationName = Release;
		};
/* End XCConfigurationList section */
	};
	rootObject = 784194AF258204CD0070DE78 /* Project object */;
}
