{
  "object": {
    "pins": [
      {
        "package": "DeltaCore",
        "repositoryURL": "https://github.com/stackotter/delta-core",
        "state": {
          "branch": "main",
          "revision": "48392b45d85278205cbe76b827096f0f8ff3104d",
          "version": null
        }
      },
      {
        "package": "IDZSwiftCommonCrypto",
        "repositoryURL": "https://github.com/iosdevzone/IDZSwiftCommonCrypto",
        "state": {
          "branch": null,
          "revision": "d824371e670bd57eb456bbc41139b4997f7207b8",
          "version": "0.13.1"
        }
      },
      {
        "package": "Puppy",
        "repositoryURL": "https://github.com/stackotter/Puppy",
        "state": {
          "branch": null,
          "revision": "220efa559042f5b7dc99cf089bd4dbb31e217371",
          "version": null
        }
      },
      {
        "package": "swift-log",
        "repositoryURL": "https://github.com/apple/swift-log.git",
        "state": {
          "branch": null,
          "revision": "5d66f7ba25daf4f94100e7022febf3c75e37a6c7",
          "version": "1.4.2"
        }
      },
      {
        "package": "SwiftProtobuf",
        "repositoryURL": "https://github.com/apple/swift-protobuf",
        "state": {
          "branch": null,
          "revision": "1f62db409f2c9b0223a3f68567b4a01333aae778",
          "version": "1.17.0"
        }
      },
      {
        "package": "ZIPFoundation",
        "repositoryURL": "https://github.com/weichsel/ZIPFoundation.git",
        "state": {
          "branch": null,
          "revision": "cf10bbff6ac3b873e97b36b9784c79866a051a8e",
          "version": "0.9.12"
        }
      }
    ]
  },
  "version": 1
}
