{
  "object": {
    "pins": [
      {
        "package": "IDZSwiftCommonCrypto",
        "repositoryURL": "https://github.com/iosdevzone/IDZSwiftCommonCrypto",
        "state": {
          "branch": null,
          "revision": "d824371e670bd57eb456bbc41139b4997f7207b8",
          "version": "0.13.1"
        }
      },
      {
        "package": "swift-log",
        "repositoryURL": "https://github.com/apple/swift-log",
        "state": {
          "branch": "main",
          "revision": "d8af258aecd93cd8604e74ade3c0fe438bac13f8",
          "version": null
        }
      },
      {
        "package": "SwiftProtobuf",
        "repositoryURL": "https://github.com/apple/swift-protobuf",
        "state": {
          "branch": null,
          "revision": "1f62db409f2c9b0223a3f68567b4a01333aae778",
          "version": "1.17.0"
        }
      },
      {
        "package": "ZIPFoundation",
        "repositoryURL": "https://github.com/weichsel/ZIPFoundation.git",
        "state": {
          "branch": null,
          "revision": "cf10bbff6ac3b873e97b36b9784c79866a051a8e",
          "version": "0.9.12"
        }
      }
    ]
  },
  "version": 1
}
