{
  "object": {
    "pins": [
      {
        "package": "DeltaLogger",
        "repositoryURL": "https://github.com/stackotter/delta-logger",
        "state": {
          "branch": "main",
          "revision": "a2ffeb3596fd32bf5ff0ad9fda9b610ae7481745",
          "version": null
        }
      },
      {
        "package": "IDZSwiftCommonCrypto",
        "repositoryURL": "https://github.com/iosdevzone/IDZSwiftCommonCrypto",
        "state": {
          "branch": null,
          "revision": "d824371e670bd57eb456bbc41139b4997f7207b8",
          "version": "0.13.1"
        }
      },
      {
        "package": "NioDNS",
        "repositoryURL": "https://github.com/OpenKitten/NioDNS",
        "state": {
          "branch": null,
          "revision": "3f4705538ab10004c28c2b3767345ea27607a9d2",
          "version": "1.0.2"
        }
      },
      {
        "package": "swift-log",
        "repositoryURL": "https://github.com/apple/swift-log",
        "state": {
          "branch": "main",
          "revision": "d8af258aecd93cd8604e74ade3c0fe438bac13f8",
          "version": null
        }
      },
      {
        "package": "swift-nio",
        "repositoryURL": "https://github.com/apple/swift-nio.git",
        "state": {
          "branch": null,
          "revision": "8da5c5a4e6c5084c296b9f39dc54f00be146e0fa",
          "version": "1.14.2"
        }
      },
      {
        "package": "swift-nio-zlib-support",
        "repositoryURL": "https://github.com/apple/swift-nio-zlib-support.git",
        "state": {
          "branch": null,
          "revision": "37760e9a52030bb9011972c5213c3350fa9d41fd",
          "version": "1.0.0"
        }
      },
      {
        "package": "ZIPFoundation",
        "repositoryURL": "https://github.com/weichsel/ZIPFoundation.git",
        "state": {
          "branch": null,
          "revision": "cf10bbff6ac3b873e97b36b9784c79866a051a8e",
          "version": "0.9.12"
        }
      }
    ]
  },
  "version": 1
}
